PODS:
  - CardIODynamic (5.4.1)
  - CommonDataModelsKit-iOS (1.0.143):
    - SwiftyRSA
    - TapAdditionsKitV2
    - TapCardVlidatorKit-iOS
    - TapKeychainV2
  - Crashlytics (3.14.0):
    - Fabric (~> 1.10.2)
  - EditableTextInsetsTextFieldV2 (0.0.3):
    - TapAdditionsKitV2
  - Fabric (1.10.2)
  - goSellSDK (2.3.26):
    - goSellSDK/Core (= 2.3.26)
  - goSellSDK/Core (2.3.26):
    - CardIODynamic
    - EditableTextInsetsTextFieldV2
    - SwiftyRSA
    - TapAdditionsKitV2
    - TapApplicationV2
    - TapBundleLocalizationV2
    - TapCardVlidatorKit-iOS
    - TapEditableViewV2
    - TapFontsKitV2
    - TapGLKitV2
    - TapKeychainV2
    - TapNetworkManagerV2
    - TapNibViewV2
    - TapResponderChainInputViewV2
    - TapSearchViewV2
    - TapVisualEffectViewV2
  - SwiftyRSA (1.7.0):
    - SwiftyRSA/ObjC (= 1.7.0)
  - SwiftyRSA/ObjC (1.7.0)
  - TapAdditionsKitV2 (0.0.17):
    - TapSwiftFixesV2
  - TapApplePayKit-iOS (1.0.20):
    - CommonDataModelsKit-iOS
    - TapApplicationV2
    - TapNetworkKit-iOS
  - TapApplicationV2 (0.0.3):
    - TapAdditionsKitV2
  - TapBundleLocalizationV2 (0.0.3)
  - TapCardVlidatorKit-iOS (1.0.21)
  - TapEditableViewV2 (1.0.2):
    - TapAdditionsKitV2
  - TapFontsKitV2 (0.0.5):
    - TapAdditionsKitV2
  - TapGLKitV2 (0.0.3):
    - TapAdditionsKitV2
  - TapKeychainV2 (1.0.2)
  - TapNetworkKit-iOS (1.0.14):
    - CommonDataModelsKit-iOS
    - SwiftyRSA
    - TapAdditionsKitV2
    - TapApplicationV2
    - TapCardVlidatorKit-iOS
  - TapNetworkManagerV2 (0.0.6):
    - TapAdditionsKitV2
  - TapNibViewV2 (0.0.3):
    - TapAdditionsKitV2
  - TapResponderChainInputViewV2 (0.0.5):
    - TapAdditionsKitV2
    - TapNibViewV2
  - TapSearchViewV2 (0.0.5):
    - TapAdditionsKitV2
    - TapNibViewV2
  - TapSwiftFixesV2 (1.0.3):
    - TapSwiftFixesV2/CoreGraphics (= 1.0.3)
    - TapSwiftFixesV2/Exceptions (= 1.0.3)
    - TapSwiftFixesV2/Threading (= 1.0.3)
  - TapSwiftFixesV2/CoreGraphics (1.0.3)
  - TapSwiftFixesV2/Exceptions (1.0.3)
  - TapSwiftFixesV2/Threading (1.0.3)
  - TapVisualEffectViewV2 (0.0.4):
    - TapAdditionsKitV2
    - TapNibViewV2

DEPENDENCIES:
  - Crashlytics
  - Fabric
  - goSellSDK (from `../`)
  - TapApplePayKit-iOS

SPEC REPOS:
  https://github.com/CocoaPods/Specs.git:
    - CardIODynamic
    - CommonDataModelsKit-iOS
    - Crashlytics
    - EditableTextInsetsTextFieldV2
    - Fabric
    - SwiftyRSA
    - TapAdditionsKitV2
    - TapApplePayKit-iOS
    - TapApplicationV2
    - TapBundleLocalizationV2
    - TapCardVlidatorKit-iOS
    - TapEditableViewV2
    - TapFontsKitV2
    - TapGLKitV2
    - TapKeychainV2
    - TapNetworkKit-iOS
    - TapNetworkManagerV2
    - TapNibViewV2
    - TapResponderChainInputViewV2
    - TapSearchViewV2
    - TapSwiftFixesV2
    - TapVisualEffectViewV2

EXTERNAL SOURCES:
  goSellSDK:
    :path: "../"

SPEC CHECKSUMS:
  CardIODynamic: 4a0d2d0e7b82993ceca67491564934c3475fbe79
  CommonDataModelsKit-iOS: 62a6a4120b9a59cc4e76cb949f3070c4aad4012c
  Crashlytics: 9220f5bc89e7a618df411b4f639389dbfb0e03d2
  EditableTextInsetsTextFieldV2: 4734d3376d6b1ebe95afc824da5caa1c37b228a3
  Fabric: ea977e3cd9c20425516d3dafd3bf8c941c51223f
  goSellSDK: 99e74e2aa09e43319b30c05148a0846df03d24f9
  SwiftyRSA: 8c6dd1ea7db1b8dc4fb517a202f88bb1354bc2c6
  TapAdditionsKitV2: 0bb217062d4df1db86b339e7693283b293b0ccff
  TapApplePayKit-iOS: 7c9c7e75f678283c1334a2e2bf6fd9b94daea9b6
  TapApplicationV2: a5e256888515be65654f048605bfb871a5ad53a9
  TapBundleLocalizationV2: 282e5a0ebfd08b502ec2ba22dde8da2de7340110
  TapCardVlidatorKit-iOS: c7be3b2831dd7f327ae8c4df328eb625653b4232
  TapEditableViewV2: 53f87bbf98d7599f564e6e5bad1be6c1a5b31d66
  TapFontsKitV2: 2b11cd69c4f8c4485376c92a1982387a5184ca13
  TapGLKitV2: 5e5857e73e5a516807ec9c388f5c028de7616290
  TapKeychainV2: aaa08a208f3e7aea042e2caf1b6b5abb39baecdc
  TapNetworkKit-iOS: 92c8c7feae384dc2595f8f270853ee3cf8ea3380
  TapNetworkManagerV2: 73a80838e7a30bd05e1030ff4b751421f14774a6
  TapNibViewV2: a6df9bfe0a36dfa9039b8200f2921dd5f66874c5
  TapResponderChainInputViewV2: d62b22fd9f1e6e9a195e4960c5679805a83ed44c
  TapSearchViewV2: b6fb11576b6e20570768378d31499a3cb86f9010
  TapSwiftFixesV2: ea726f752b6259d9e44624039fd6bad94b2a8633
  TapVisualEffectViewV2: bc2b3b718acc3c1298ce7d21985633941d986345

PODFILE CHECKSUM: df1cbf9e864411340fbaef977817db3974186d13

COCOAPODS: 1.12.1
