PODS:
  - CardIODynamic (5.4.1)
  - Crashlytics (3.12.0):
    - Fabric (~> 1.9.0)
  - EditableTextInsetsTextField (1.0.6):
    - TapAdditionsKit/Foundation/Locale (>= 1.3.3)
    - TapAdditionsKit/UIKit/UIView (>= 1.3.3)
  - Fabric (1.9.0)
  - goSellSDK (2.2.6):
    - goSellSDK/Core (= 2.2.6)
  - goSellSDK/Core (2.2.6):
    - CardIODynamic (>= 5.4.1)
    - EditableTextInsetsTextField (>= 1.0.6)
    - TapAdditionsKit/Foundation/Bundle (>= 1.3.3)
    - TapAdditionsKit/Foundation/Date (>= 1.3.3)
    - TapAdditionsKit/Foundation/Locale (>= 1.3.3)
    - TapAdditionsKit/Foundation/URL (>= 1.3.3)
    - TapAdditionsKit/SwiftStandartLibrary/Bool (>= 1.3.3)
    - TapAdditionsKit/SwiftStandartLibrary/Comparable (>= 1.3.3)
    - TapAdditionsKit/SwiftStandartLibrary/Decodable (>= 1.3.3)
    - TapAdditionsKit/SwiftStandartLibrary/Dictionary (>= 1.3.3)
    - TapAdditionsKit/SwiftStandartLibrary/Encodable (>= 1.3.3)
    - TapAdditionsKit/SwiftStandartLibrary/KeyedDecodingContainer (>= 1.3.3)
    - TapAdditionsKit/SwiftStandartLibrary/OptionSet (>= 1.3.3)
    - TapAdditionsKit/SwiftStandartLibrary/String (>= 1.3.3)
    - TapAdditionsKit/Tap/TypeAlias (>= 1.3.3)
    - TapAdditionsKit/UIKit/NSLayoutConstraint (>= 1.3.3)
    - TapAdditionsKit/UIKit/UIButton (>= 1.3.3)
    - TapAdditionsKit/UIKit/UIEdgeInsets (>= 1.3.3)
    - TapAdditionsKit/UIKit/UIImageView (>= 1.3.3)
    - TapAdditionsKit/UIKit/UILabel (>= 1.3.3)
    - TapAdditionsKit/UIKit/UINavigationController (>= 1.3.3)
    - TapAdditionsKit/UIKit/UIResponder (>= 1.3.3)
    - TapAdditionsKit/UIKit/UIScreen (>= 1.3.3)
    - TapAdditionsKit/UIKit/UITableView (>= 1.3.3)
    - TapAdditionsKit/UIKit/UIView (>= 1.3.3)
    - TapAdditionsKit/UIKit/UIView/AnimationOptions (>= 1.3.3)
    - TapAdditionsKit/UIKit/UIView/KeyframeAnimationOptions (>= 1.3.3)
    - TapApplication (>= 1.0.7)
    - TapBundleLocalization (>= 1.0.3)
    - TapCardValidator (>= 1.2.6)
    - TapEditableView (>= 1.0.5)
    - TapFontsKit (>= 1.0.6)
    - TapGLKit/LinearGradientView (>= 1.1.1)
    - TapGLKit/TapActivityIndicatorView (>= 1.1.1)
    - TapKeychain (>= 1.0.5)
    - TapNetworkManager/Core (>= 1.2.6)
    - TapNetworkManager/ImageLoading (>= 1.2.6)
    - TapNibView (>= 1.0.4)
    - TapResponderChainInputView (>= 1.1.4)
    - TapSearchView (>= 1.0.4)
    - TapSwiftFixes/Threading (>= 1.0.9)
    - TapVisualEffectView (>= 1.1.2)
  - SDWebImage/Core (5.2.0)
  - TapAdditionsKit (1.3.4):
    - TapAdditionsKit/AVFoundation (= 1.3.4)
    - TapAdditionsKit/CoreGraphics (= 1.3.4)
    - TapAdditionsKit/Foundation (= 1.3.4)
    - TapAdditionsKit/ObjectiveC (= 1.3.4)
    - TapAdditionsKit/QuartzCore (= 1.3.4)
    - TapAdditionsKit/SwiftStandartLibrary (= 1.3.4)
    - TapAdditionsKit/Tap (= 1.3.4)
    - TapAdditionsKit/UIKit (= 1.3.4)
  - TapAdditionsKit/AVFoundation (1.3.4):
    - TapAdditionsKit/AVFoundation/AVPlayer (= 1.3.4)
  - TapAdditionsKit/AVFoundation/AVPlayer (1.3.4)
  - TapAdditionsKit/CoreGraphics (1.3.4):
    - TapAdditionsKit/CoreGraphics/CGContext (= 1.3.4)
    - TapAdditionsKit/CoreGraphics/CGImage (= 1.3.4)
    - TapAdditionsKit/CoreGraphics/CGPoint (= 1.3.4)
    - TapAdditionsKit/CoreGraphics/CGRect (= 1.3.4)
    - TapAdditionsKit/CoreGraphics/CGSize (= 1.3.4)
  - TapAdditionsKit/CoreGraphics/CGContext (1.3.4)
  - TapAdditionsKit/CoreGraphics/CGImage (1.3.4):
    - TapAdditionsKit/CoreGraphics/CGContext
  - TapAdditionsKit/CoreGraphics/CGPoint (1.3.4)
  - TapAdditionsKit/CoreGraphics/CGRect (1.3.4):
    - TapAdditionsKit/CoreGraphics/CGPoint
    - TapAdditionsKit/CoreGraphics/CGSize
  - TapAdditionsKit/CoreGraphics/CGSize (1.3.4):
    - TapAdditionsKit/SwiftStandartLibrary/Numeric
  - TapAdditionsKit/Foundation (1.3.4):
    - TapAdditionsKit/Foundation/Bundle (= 1.3.4)
    - TapAdditionsKit/Foundation/Calendar (= 1.3.4)
    - TapAdditionsKit/Foundation/Data (= 1.3.4)
    - TapAdditionsKit/Foundation/Date (= 1.3.4)
    - TapAdditionsKit/Foundation/DateFormatter (= 1.3.4)
    - TapAdditionsKit/Foundation/JSONSerialization (= 1.3.4)
    - TapAdditionsKit/Foundation/Locale (= 1.3.4)
    - TapAdditionsKit/Foundation/NSNumber (= 1.3.4)
    - TapAdditionsKit/Foundation/NumberFormatter (= 1.3.4)
    - TapAdditionsKit/Foundation/URL (= 1.3.4)
    - TapAdditionsKit/Foundation/URLSession (= 1.3.4)
    - TapAdditionsKit/Foundation/URLSessionDataTaskResult (= 1.3.4)
    - TapAdditionsKit/Foundation/UserDefaults (= 1.3.4)
  - TapAdditionsKit/Foundation/Bundle (1.3.4)
  - TapAdditionsKit/Foundation/Calendar (1.3.4)
  - TapAdditionsKit/Foundation/Data (1.3.4):
    - TapAdditionsKit/SwiftStandartLibrary/String
    - TapAdditionsKit/UIKit/UIImage
  - TapAdditionsKit/Foundation/Date (1.3.4)
  - TapAdditionsKit/Foundation/DateFormatter (1.3.4)
  - TapAdditionsKit/Foundation/JSONSerialization (1.3.4):
    - TapAdditionsKit/SwiftStandartLibrary/OptionSet
    - TapAdditionsKit/SwiftStandartLibrary/String
    - TapAdditionsKit/Tap/TypeAlias
    - TapSwiftFixes/Exceptions (>= 1.0.9)
  - TapAdditionsKit/Foundation/Locale (1.3.4)
  - TapAdditionsKit/Foundation/NSNumber (1.3.4):
    - TapAdditionsKit/Foundation/Locale
    - TapAdditionsKit/SwiftStandartLibrary/String
    - TapAdditionsKit/UIKit/UIDevice
  - TapAdditionsKit/Foundation/NumberFormatter (1.3.4)
  - TapAdditionsKit/Foundation/URL (1.3.4)
  - TapAdditionsKit/Foundation/URLSession (1.3.4):
    - TapAdditionsKit/Foundation/URLSessionDataTaskResult
  - TapAdditionsKit/Foundation/URLSessionDataTaskResult (1.3.4)
  - TapAdditionsKit/Foundation/UserDefaults (1.3.4)
  - TapAdditionsKit/ObjectiveC (1.3.4):
    - TapAdditionsKit/ObjectiveC/NSObject (= 1.3.4)
  - TapAdditionsKit/ObjectiveC/NSObject (1.3.4)
  - TapAdditionsKit/QuartzCore (1.3.4):
    - TapAdditionsKit/QuartzCore/CAKeyframeAnimation (= 1.3.4)
    - TapAdditionsKit/QuartzCore/CALayer (= 1.3.4)
  - TapAdditionsKit/QuartzCore/CAKeyframeAnimation (1.3.4)
  - TapAdditionsKit/QuartzCore/CALayer (1.3.4)
  - TapAdditionsKit/SwiftStandartLibrary (1.3.4):
    - TapAdditionsKit/SwiftStandartLibrary/Array (= 1.3.4)
    - TapAdditionsKit/SwiftStandartLibrary/BinaryInteger (= 1.3.4)
    - TapAdditionsKit/SwiftStandartLibrary/Bool (= 1.3.4)
    - TapAdditionsKit/SwiftStandartLibrary/Comparable (= 1.3.4)
    - TapAdditionsKit/SwiftStandartLibrary/CountableClosedRange (= 1.3.4)
    - TapAdditionsKit/SwiftStandartLibrary/CustomStringConvertible (= 1.3.4)
    - TapAdditionsKit/SwiftStandartLibrary/Decodable (= 1.3.4)
    - TapAdditionsKit/SwiftStandartLibrary/Dictionary (= 1.3.4)
    - TapAdditionsKit/SwiftStandartLibrary/Encodable (= 1.3.4)
    - TapAdditionsKit/SwiftStandartLibrary/Float (= 1.3.4)
    - TapAdditionsKit/SwiftStandartLibrary/Int (= 1.3.4)
    - TapAdditionsKit/SwiftStandartLibrary/KeyedDecodingContainer (= 1.3.4)
    - TapAdditionsKit/SwiftStandartLibrary/MemoryLayout (= 1.3.4)
    - TapAdditionsKit/SwiftStandartLibrary/Numeric (= 1.3.4)
    - TapAdditionsKit/SwiftStandartLibrary/OptionSet (= 1.3.4)
    - TapAdditionsKit/SwiftStandartLibrary/Sequence (= 1.3.4)
    - TapAdditionsKit/SwiftStandartLibrary/String (= 1.3.4)
    - TapAdditionsKit/SwiftStandartLibrary/UInt8 (= 1.3.4)
  - TapAdditionsKit/SwiftStandartLibrary/Array (1.3.4):
    - TapAdditionsKit/SwiftStandartLibrary/Numeric
  - TapAdditionsKit/SwiftStandartLibrary/BinaryInteger (1.3.4)
  - TapAdditionsKit/SwiftStandartLibrary/Bool (1.3.4)
  - TapAdditionsKit/SwiftStandartLibrary/Comparable (1.3.4)
  - TapAdditionsKit/SwiftStandartLibrary/CountableClosedRange (1.3.4)
  - TapAdditionsKit/SwiftStandartLibrary/CustomStringConvertible (1.3.4):
    - TapAdditionsKit/SwiftStandartLibrary/String
  - TapAdditionsKit/SwiftStandartLibrary/Decodable (1.3.4)
  - TapAdditionsKit/SwiftStandartLibrary/Dictionary (1.3.4)
  - TapAdditionsKit/SwiftStandartLibrary/Encodable (1.3.4)
  - TapAdditionsKit/SwiftStandartLibrary/Float (1.3.4):
    - TapAdditionsKit/SwiftStandartLibrary/Comparable
  - TapAdditionsKit/SwiftStandartLibrary/Int (1.3.4)
  - TapAdditionsKit/SwiftStandartLibrary/KeyedDecodingContainer (1.3.4)
  - TapAdditionsKit/SwiftStandartLibrary/MemoryLayout (1.3.4)
  - TapAdditionsKit/SwiftStandartLibrary/Numeric (1.3.4)
  - TapAdditionsKit/SwiftStandartLibrary/OptionSet (1.3.4)
  - TapAdditionsKit/SwiftStandartLibrary/Sequence (1.3.4)
  - TapAdditionsKit/SwiftStandartLibrary/String (1.3.4):
    - TapAdditionsKit/Foundation/Locale
    - TapAdditionsKit/Foundation/NumberFormatter
    - TapAdditionsKit/SwiftStandartLibrary/Int
  - TapAdditionsKit/SwiftStandartLibrary/UInt8 (1.3.4)
  - TapAdditionsKit/Tap (1.3.4):
    - TapAdditionsKit/Tap/ClassProtocol (= 1.3.4)
    - TapAdditionsKit/Tap/Line (= 1.3.4)
    - TapAdditionsKit/Tap/Triangle (= 1.3.4)
    - TapAdditionsKit/Tap/TypeAlias (= 1.3.4)
  - TapAdditionsKit/Tap/ClassProtocol (1.3.4)
  - TapAdditionsKit/Tap/Line (1.3.4):
    - TapAdditionsKit/CoreGraphics/CGPoint
  - TapAdditionsKit/Tap/Triangle (1.3.4):
    - TapAdditionsKit/Tap/Line
  - TapAdditionsKit/Tap/TypeAlias (1.3.4)
  - TapAdditionsKit/UIKit (1.3.4):
    - TapAdditionsKit/UIKit/NSLayoutConstraint (= 1.3.4)
    - TapAdditionsKit/UIKit/UIBezierPath (= 1.3.4)
    - TapAdditionsKit/UIKit/UIButton (= 1.3.4)
    - TapAdditionsKit/UIKit/UICollectionView (= 1.3.4)
    - TapAdditionsKit/UIKit/UIColor (= 1.3.4)
    - TapAdditionsKit/UIKit/UIDevice (= 1.3.4)
    - TapAdditionsKit/UIKit/UIEdgeInsets (= 1.3.4)
    - TapAdditionsKit/UIKit/UIGestureRecognizer (= 1.3.4)
    - TapAdditionsKit/UIKit/UIImage (= 1.3.4)
    - TapAdditionsKit/UIKit/UIImageView (= 1.3.4)
    - TapAdditionsKit/UIKit/UILabel (= 1.3.4)
    - TapAdditionsKit/UIKit/UINavigationController (= 1.3.4)
    - TapAdditionsKit/UIKit/UIResponder (= 1.3.4)
    - TapAdditionsKit/UIKit/UIScreen (= 1.3.4)
    - TapAdditionsKit/UIKit/UIScrollView (= 1.3.4)
    - TapAdditionsKit/UIKit/UITableView (= 1.3.4)
    - TapAdditionsKit/UIKit/UIView (= 1.3.4)
    - TapAdditionsKit/UIKit/UIViewController (= 1.3.4)
    - TapAdditionsKit/UIKit/UIWebView (= 1.3.4)
    - TapAdditionsKit/UIKit/UIWindow (= 1.3.4)
  - TapAdditionsKit/UIKit/NSLayoutConstraint (1.3.4):
    - TapAdditionsKit/Tap/TypeAlias
    - TapAdditionsKit/UIKit/UIView
  - TapAdditionsKit/UIKit/UIBezierPath (1.3.4):
    - TapAdditionsKit/CoreGraphics/CGPoint
    - TapAdditionsKit/SwiftStandartLibrary/Array
    - TapAdditionsKit/Tap/Line
  - TapAdditionsKit/UIKit/UIButton (1.3.4):
    - TapAdditionsKit/UIKit/UIImage
  - TapAdditionsKit/UIKit/UICollectionView (1.3.4)
  - TapAdditionsKit/UIKit/UIColor (1.3.4):
    - TapAdditionsKit/SwiftStandartLibrary/Array
    - TapAdditionsKit/SwiftStandartLibrary/Int
    - TapAdditionsKit/SwiftStandartLibrary/String
  - TapAdditionsKit/UIKit/UIDevice (1.3.4)
  - TapAdditionsKit/UIKit/UIEdgeInsets (1.3.4)
  - TapAdditionsKit/UIKit/UIGestureRecognizer (1.3.4)
  - TapAdditionsKit/UIKit/UIImage (1.3.4):
    - TapAdditionsKit/CoreGraphics/CGImage
    - TapAdditionsKit/CoreGraphics/CGSize
    - TapAdditionsKit/SwiftStandartLibrary/Array
    - TapAdditionsKit/SwiftStandartLibrary/Sequence
    - TapAdditionsKit/UIKit/UIColor
  - TapAdditionsKit/UIKit/UIImageView (1.3.4):
    - TapAdditionsKit/UIKit/UIImage
    - TapAdditionsKit/UIKit/UIView
  - TapAdditionsKit/UIKit/UILabel (1.3.4):
    - TapAdditionsKit/Tap/TypeAlias
  - TapAdditionsKit/UIKit/UINavigationController (1.3.4):
    - TapAdditionsKit/Tap/TypeAlias
    - TapSwiftFixes/Threading (>= 1.0.9)
  - TapAdditionsKit/UIKit/UIResponder (1.3.4):
    - TapAdditionsKit/Tap/TypeAlias
    - TapAdditionsKit/UIKit/UIView
  - TapAdditionsKit/UIKit/UIScreen (1.3.4)
  - TapAdditionsKit/UIKit/UIScrollView (1.3.4):
    - TapAdditionsKit/SwiftStandartLibrary/Comparable
  - TapAdditionsKit/UIKit/UITableView (1.3.4):
    - TapAdditionsKit/UIKit/UIView
    - TapSwiftFixes/Exceptions (>= 1.0.9)
  - TapAdditionsKit/UIKit/UIView (1.3.4):
    - TapAdditionsKit/UIKit/UIView/AnimationOptions (= 1.3.4)
    - TapAdditionsKit/UIKit/UIView/KeyframeAnimationOptions (= 1.3.4)
    - TapAdditionsKit/UIKit/UIView/UIView (= 1.3.4)
  - TapAdditionsKit/UIKit/UIView/AnimationOptions (1.3.4)
  - TapAdditionsKit/UIKit/UIView/KeyframeAnimationOptions (1.3.4)
  - TapAdditionsKit/UIKit/UIView/UIView (1.3.4):
    - TapAdditionsKit/ObjectiveC/NSObject
    - TapAdditionsKit/QuartzCore/CALayer
    - TapAdditionsKit/SwiftStandartLibrary/String
    - TapAdditionsKit/Tap/TypeAlias
    - TapAdditionsKit/UIKit/UIImage
    - TapAdditionsKit/UIKit/UIScreen
  - TapAdditionsKit/UIKit/UIViewController (1.3.4):
    - TapAdditionsKit/ObjectiveC/NSObject
    - TapAdditionsKit/Tap/TypeAlias
    - TapAdditionsKit/UIKit/UIResponder
    - TapAdditionsKit/UIKit/UIView
    - TapAdditionsKit/UIKit/UIWindow
    - TapAdditionsKit/UIKit/UIWindow/Level
  - TapAdditionsKit/UIKit/UIWebView (1.3.4):
    - TapAdditionsKit/SwiftStandartLibrary/String
  - TapAdditionsKit/UIKit/UIWindow (1.3.4):
    - TapAdditionsKit/UIKit/UIWindow/Level (= 1.3.4)
    - TapAdditionsKit/UIKit/UIWindow/UIWindow (= 1.3.4)
  - TapAdditionsKit/UIKit/UIWindow/Level (1.3.4)
  - TapAdditionsKit/UIKit/UIWindow/UIWindow (1.3.4):
    - TapAdditionsKit/UIKit/UIWindow/Level
  - TapApplication (1.0.7):
    - TapAdditionsKit/SwiftStandartLibrary/String (>= 1.3.3)
    - TapAdditionsKit/Tap/ClassProtocol (>= 1.3.3)
    - TapAdditionsKit/UIKit/UIViewController (>= 1.3.3)
    - TapSwiftFixes/Threading (>= 1.0.9)
  - TapBundleLocalization (1.0.3)
  - TapCardValidator (1.2.6)
  - TapEditableView (1.0.5):
    - TapAdditionsKit/Tap/ClassProtocol (>= 1.3.3)
  - TapFontsKit (1.0.6):
    - TapAdditionsKit/Foundation/Bundle (>= 1.3.3)
    - TapAdditionsKit/Foundation/Locale (>= 1.3.3)
    - TapSwiftFixes/Threading (>= 1.0.9)
  - TapGLKit/AnimatedView (1.1.1):
    - TapAdditionsKit/SwiftStandartLibrary/Comparable (>= 1.3.3)
    - TapGLKit/Core
  - TapGLKit/Core (1.1.1):
    - TapAdditionsKit/CoreGraphics/CGPoint (>= 1.3.3)
    - TapAdditionsKit/CoreGraphics/CGSize (>= 1.3.3)
    - TapAdditionsKit/SwiftStandartLibrary/MemoryLayout (>= 1.3.3)
    - TapAdditionsKit/SwiftStandartLibrary/String (>= 1.3.3)
    - TapAdditionsKit/UIKit/UIColor (>= 1.3.3)
    - TapAdditionsKit/UIKit/UIView (>= 1.3.3)
  - TapGLKit/LinearGradientView (1.1.1):
    - TapGLKit/Core
  - TapGLKit/TapActivityIndicatorView (1.1.1):
    - TapGLKit/AnimatedView
  - TapKeychain (1.0.5)
  - TapNetworkManager/Core (1.2.6)
  - TapNetworkManager/ImageLoading (1.2.6):
    - SDWebImage/Core (>= 5.0)
    - TapAdditionsKit/Foundation/URLSession (>= 1.3.3)
    - TapNetworkManager/Core
  - TapNibView (1.0.4):
    - TapAdditionsKit/ObjectiveC/NSObject (>= 1.3.3)
    - TapAdditionsKit/Tap/ClassProtocol (>= 1.3.3)
    - TapAdditionsKit/UIKit/UIView (>= 1.3.3)
  - TapResponderChainInputView (1.1.4):
    - TapAdditionsKit/Foundation/Bundle (>= 1.3.3)
    - TapAdditionsKit/Tap/ClassProtocol (>= 1.3.3)
    - TapNibView (>= 1.0.4)
  - TapSearchView (1.0.4):
    - TapAdditionsKit/Foundation/Bundle (>= 1.3.3)
    - TapAdditionsKit/SwiftStandartLibrary/Comparable (>= 1.3.3)
    - TapAdditionsKit/Tap/ClassProtocol (>= 1.3.3)
    - TapNibView (>= 1.0.4)
  - TapSwiftFixes/Exceptions (1.0.9)
  - TapSwiftFixes/Threading (1.0.9)
  - TapVisualEffectView (1.1.2):
    - TapAdditionsKit/Foundation/Bundle (>= 1.3.3)
    - TapAdditionsKit/ObjectiveC/NSObject (>= 1.3.3)
    - TapAdditionsKit/UIKit/UIColor (>= 1.3.3)
    - TapAdditionsKit/UIKit/UIDevice (>= 1.3.3)
    - TapAdditionsKit/UIKit/UIView (>= 1.3.3)
    - TapNibView (>= 1.0.4)

DEPENDENCIES:
  - Crashlytics
  - Fabric
  - goSellSDK (= 2.2.6)
  - TapAdditionsKit (= 1.3.4)

SPEC REPOS:
  https://github.com/cocoapods/specs.git:
    - CardIODynamic
    - Crashlytics
    - EditableTextInsetsTextField
    - Fabric
    - goSellSDK
    - SDWebImage
    - TapAdditionsKit
    - TapApplication
    - TapBundleLocalization
    - TapCardValidator
    - TapEditableView
    - TapFontsKit
    - TapGLKit
    - TapKeychain
    - TapNetworkManager
    - TapNibView
    - TapResponderChainInputView
    - TapSearchView
    - TapSwiftFixes
    - TapVisualEffectView

SPEC CHECKSUMS:
  CardIODynamic: 4a0d2d0e7b82993ceca67491564934c3475fbe79
  Crashlytics: 07fb167b1694128c1c9a5a5cc319b0e9c3ca0933
  EditableTextInsetsTextField: 7298bfd622a614307dc3b0de74c28ae19c9d7753
  Fabric: f988e33c97f08930a413e08123064d2e5f68d655
  goSellSDK: da7d2556a9b8c04e8e93f0a89f3c7acec1966774
  SDWebImage: 609192dcf3898c910a2848032372ead951e66364
  TapAdditionsKit: b813d7bb64ad69837f7a02165dab85dcd9ce185f
  TapApplication: bed1013cb48402e39fea913a6096ebd2d326cd36
  TapBundleLocalization: c7d7c14850223b0ef447aca1269d7308f78d54f9
  TapCardValidator: 8d43b6e8a1a78276c03116a5b625041adeffeb0d
  TapEditableView: ba4161ff6f8d2a41092a9a1d52f97551bf64cbb7
  TapFontsKit: 81106c9d97fb0e839444bfaea47c8ad17d8896e5
  TapGLKit: 5a55f388e3d5cf0ee3e11ec31f641fac2914532d
  TapKeychain: 143aa70bb2d1b094e0298e944660264034c79849
  TapNetworkManager: 9d8fd7f4e2e1f6f1d3152b82af97621a6bd21fc9
  TapNibView: 6c651d9dbc03a7c91b7051ed7b31ce443f7d898e
  TapResponderChainInputView: 103f0fa69b2ac587f109908042a45ace84219055
  TapSearchView: 3f751b3b0e5bdb8b0e19bf6fe857f3b6be06f37c
  TapSwiftFixes: db2aeb21942dd81ee051a31ed319dab0d03547a2
  TapVisualEffectView: 53dfaf835daa1ca8572d9f3a52659da45220bc1c

PODFILE CHECKSUM: d30d571be87868d33e55560ceb86db0fd1e238ad

COCOAPODS: 1.7.4
