PODS:
  - CardIODynamic (5.4.1)
  - Crashlytics (3.12.0):
    - Fabric (~> 1.9.0)
  - EditableTextInsetsTextField (1.0.4):
    - TapAdditionsKit/Foundation/Locale (>= 1.2)
    - TapAdditionsKit/UIKit/UIView (>= 1.2)
  - Fabric (1.9.0)
  - goSellSDK (2.0):
    - CardIODynamic
    - EditableTextInsetsTextField
    - TapAdditionsKit/Foundation/Bundle
    - TapAdditionsKit/Foundation/Date
    - TapAdditionsKit/Foundation/Locale
    - TapAdditionsKit/SwiftStandartLibrary/Comparable
    - TapAdditionsKit/SwiftStandartLibrary/Decodable
    - TapAdditionsKit/SwiftStandartLibrary/Dictionary
    - TapAdditionsKit/SwiftStandartLibrary/Encodable
    - TapAdditionsKit/SwiftStandartLibrary/KeyedDecodingContainer
    - TapAdditionsKit/SwiftStandartLibrary/OptionSet
    - TapAdditionsKit/SwiftStandartLibrary/String
    - TapAdditionsKit/Tap/TypeAlias
    - TapAdditionsKit/UIKit/NSLayoutConstraint
    - TapAdditionsKit/UIKit/UIButton
    - TapAdditionsKit/UIKit/UIEdgeInsets
    - TapAdditionsKit/UIKit/UIImageView
    - TapAdditionsKit/UIKit/UILabel
    - TapAdditionsKit/UIKit/UINavigationController
    - TapAdditionsKit/UIKit/UIResponder
    - TapAdditionsKit/UIKit/UIScreen
    - TapAdditionsKit/UIKit/UITableView
    - TapAdditionsKit/UIKit/UIView
    - TapAdditionsKit/UIKit/UIView/AnimationOptions
    - TapAdditionsKit/UIKit/UIView/KeyframeAnimationOptions
    - TapApplication
    - TapCardValidator
    - TapEditableView
    - TapFontsKit
    - TapGLKit/LinearGradientView
    - TapGLKit/TapActivityIndicatorView
    - TapKeychain
    - TapNetworkManager/Core
    - TapNetworkManager/ImageLoading
    - TapNibView
    - TapResponderChainInputView
    - TapSearchView
    - TapSwiftFixes/Threading
    - TapVisualEffectView
  - SDWebImage/Core (4.4.4)
  - TapAdditionsKit/CoreGraphics/CGContext (1.2)
  - TapAdditionsKit/CoreGraphics/CGImage (1.2):
    - TapAdditionsKit/CoreGraphics/CGContext
  - TapAdditionsKit/CoreGraphics/CGPoint (1.2)
  - TapAdditionsKit/CoreGraphics/CGSize (1.2):
    - TapAdditionsKit/SwiftStandartLibrary/Numeric
  - TapAdditionsKit/Foundation/Bundle (1.2)
  - TapAdditionsKit/Foundation/Date (1.2)
  - TapAdditionsKit/Foundation/Locale (1.2)
  - TapAdditionsKit/Foundation/NumberFormatter (1.2)
  - TapAdditionsKit/Foundation/URLSession (1.2):
    - TapAdditionsKit/Foundation/URLSessionDataTaskResult
  - TapAdditionsKit/Foundation/URLSessionDataTaskResult (1.2)
  - TapAdditionsKit/ObjectiveC/NSObject (1.2)
  - TapAdditionsKit/QuartzCore/CALayer (1.2)
  - TapAdditionsKit/SwiftStandartLibrary/Array (1.2):
    - TapAdditionsKit/SwiftStandartLibrary/Numeric
  - TapAdditionsKit/SwiftStandartLibrary/Comparable (1.2)
  - TapAdditionsKit/SwiftStandartLibrary/Decodable (1.2)
  - TapAdditionsKit/SwiftStandartLibrary/Dictionary (1.2)
  - TapAdditionsKit/SwiftStandartLibrary/Encodable (1.2)
  - TapAdditionsKit/SwiftStandartLibrary/Int (1.2)
  - TapAdditionsKit/SwiftStandartLibrary/KeyedDecodingContainer (1.2)
  - TapAdditionsKit/SwiftStandartLibrary/MemoryLayout (1.2)
  - TapAdditionsKit/SwiftStandartLibrary/Numeric (1.2)
  - TapAdditionsKit/SwiftStandartLibrary/OptionSet (1.2)
  - TapAdditionsKit/SwiftStandartLibrary/Sequence (1.2)
  - TapAdditionsKit/SwiftStandartLibrary/String (1.2):
    - TapAdditionsKit/Foundation/Locale
    - TapAdditionsKit/Foundation/NumberFormatter
    - TapAdditionsKit/SwiftStandartLibrary/Int
  - TapAdditionsKit/Tap/ClassProtocol (1.2)
  - TapAdditionsKit/Tap/TypeAlias (1.2)
  - TapAdditionsKit/UIKit/NSLayoutConstraint (1.2):
    - TapAdditionsKit/Tap/TypeAlias
    - TapAdditionsKit/UIKit/UIView
  - TapAdditionsKit/UIKit/UIButton (1.2):
    - TapAdditionsKit/UIKit/UIImage
  - TapAdditionsKit/UIKit/UIColor (1.2):
    - TapAdditionsKit/SwiftStandartLibrary/Array
    - TapAdditionsKit/SwiftStandartLibrary/Int
    - TapAdditionsKit/SwiftStandartLibrary/String
  - TapAdditionsKit/UIKit/UIDevice (1.2)
  - TapAdditionsKit/UIKit/UIEdgeInsets (1.2)
  - TapAdditionsKit/UIKit/UIImage (1.2):
    - TapAdditionsKit/CoreGraphics/CGImage
    - TapAdditionsKit/CoreGraphics/CGSize
    - TapAdditionsKit/SwiftStandartLibrary/Array
    - TapAdditionsKit/SwiftStandartLibrary/Sequence
    - TapAdditionsKit/UIKit/UIColor
  - TapAdditionsKit/UIKit/UIImageView (1.2):
    - TapAdditionsKit/UIKit/UIImage
    - TapAdditionsKit/UIKit/UIView
  - TapAdditionsKit/UIKit/UILabel (1.2):
    - TapAdditionsKit/Tap/TypeAlias
  - TapAdditionsKit/UIKit/UINavigationController (1.2):
    - TapAdditionsKit/Tap/TypeAlias
    - TapSwiftFixes/Threading (>= 1.0.5)
  - TapAdditionsKit/UIKit/UIResponder (1.2):
    - TapAdditionsKit/Tap/TypeAlias
    - TapAdditionsKit/UIKit/UIView
  - TapAdditionsKit/UIKit/UIScreen (1.2)
  - TapAdditionsKit/UIKit/UITableView (1.2):
    - TapAdditionsKit/UIKit/UIView
    - TapSwiftFixes/Exceptions (>= 1.0.5)
  - TapAdditionsKit/UIKit/UIView (1.2):
    - TapAdditionsKit/UIKit/UIView/AnimationOptions (= 1.2)
    - TapAdditionsKit/UIKit/UIView/KeyframeAnimationOptions (= 1.2)
    - TapAdditionsKit/UIKit/UIView/UIView (= 1.2)
  - TapAdditionsKit/UIKit/UIView/AnimationOptions (1.2)
  - TapAdditionsKit/UIKit/UIView/KeyframeAnimationOptions (1.2)
  - TapAdditionsKit/UIKit/UIView/UIView (1.2):
    - TapAdditionsKit/ObjectiveC/NSObject
    - TapAdditionsKit/QuartzCore/CALayer
    - TapAdditionsKit/SwiftStandartLibrary/String
    - TapAdditionsKit/Tap/TypeAlias
    - TapAdditionsKit/UIKit/UIImage
    - TapAdditionsKit/UIKit/UIScreen
  - TapAdditionsKit/UIKit/UIViewController (1.2):
    - TapAdditionsKit/ObjectiveC/NSObject
    - TapAdditionsKit/Tap/TypeAlias
    - TapAdditionsKit/UIKit/UIResponder
    - TapAdditionsKit/UIKit/UIView
    - TapAdditionsKit/UIKit/UIWindow
    - TapAdditionsKit/UIKit/UIWindow/Level
  - TapAdditionsKit/UIKit/UIWindow (1.2):
    - TapAdditionsKit/UIKit/UIWindow/Level (= 1.2)
    - TapAdditionsKit/UIKit/UIWindow/UIWindow (= 1.2)
  - TapAdditionsKit/UIKit/UIWindow/Level (1.2)
  - TapAdditionsKit/UIKit/UIWindow/UIWindow (1.2):
    - TapAdditionsKit/UIKit/UIWindow/Level
  - TapApplication (1.0.5):
    - TapAdditionsKit/SwiftStandartLibrary/String (>= 1.2)
    - TapAdditionsKit/Tap/ClassProtocol (>= 1.2)
    - TapAdditionsKit/UIKit/UIViewController (>= 1.2)
    - TapSwiftFixes/Threading (>= 1.0.5)
  - TapCardValidator (1.2.4)
  - TapEditableView (1.0.3):
    - TapAdditionsKit/Tap/ClassProtocol (>= 1.2)
  - TapFontsKit (1.0.4):
    - TapAdditionsKit/Foundation/Bundle (>= 1.2)
    - TapAdditionsKit/Foundation/Locale (>= 1.2)
    - TapSwiftFixes/Threading (>= 1.0.5)
  - TapGLKit/AnimatedView (1.0.2):
    - TapAdditionsKit/SwiftStandartLibrary/Comparable (>= 1.2)
    - TapGLKit/Core
  - TapGLKit/Core (1.0.2):
    - TapAdditionsKit/CoreGraphics/CGPoint (>= 1.2)
    - TapAdditionsKit/CoreGraphics/CGSize (>= 1.2)
    - TapAdditionsKit/SwiftStandartLibrary/MemoryLayout (>= 1.2)
    - TapAdditionsKit/SwiftStandartLibrary/String (>= 1.2)
    - TapAdditionsKit/UIKit/UIColor (>= 1.2)
    - TapAdditionsKit/UIKit/UIView (>= 1.2)
  - TapGLKit/LinearGradientView (1.0.2):
    - TapGLKit/Core
  - TapGLKit/TapActivityIndicatorView (1.0.2):
    - TapGLKit/AnimatedView
  - TapKeychain (1.0.2)
  - TapNetworkManager/Core (1.2.3)
  - TapNetworkManager/ImageLoading (1.2.3):
    - SDWebImage/Core (>= 4.4)
    - TapAdditionsKit/Foundation/URLSession (>= 1.2)
    - TapNetworkManager/Core
  - TapNibView (1.0.2):
    - TapAdditionsKit/ObjectiveC/NSObject (>= 1.2)
    - TapAdditionsKit/Tap/ClassProtocol (>= 1.2)
    - TapAdditionsKit/UIKit/UIView (>= 1.2)
  - TapResponderChainInputView (1.1.2):
    - TapAdditionsKit/Foundation/Bundle (>= 1.2)
    - TapAdditionsKit/Tap/ClassProtocol (>= 1.2)
    - TapNibView (>= 1.0.2)
  - TapSearchView (1.0.2):
    - TapAdditionsKit/Foundation/Bundle (>= 1.2)
    - TapAdditionsKit/SwiftStandartLibrary/Comparable (>= 1.2)
    - TapAdditionsKit/Tap/ClassProtocol (>= 1.2)
    - TapNibView (>= 1.0.2)
  - TapSwiftFixes/Exceptions (1.0.5)
  - TapSwiftFixes/Threading (1.0.5)
  - TapVisualEffectView (1.0.2):
    - TapAdditionsKit/Foundation/Bundle (>= 1.2)
    - TapAdditionsKit/ObjectiveC/NSObject (>= 1.2)
    - TapAdditionsKit/UIKit/UIColor (>= 1.2)
    - TapAdditionsKit/UIKit/UIDevice (>= 1.2)
    - TapAdditionsKit/UIKit/UIView (>= 1.2)
    - TapNibView (>= 1.0.2)

DEPENDENCIES:
  - Crashlytics
  - Fabric
  - goSellSDK (from `../`)

SPEC REPOS:
  https://github.com/cocoapods/specs.git:
    - CardIODynamic
    - Crashlytics
    - EditableTextInsetsTextField
    - Fabric
    - SDWebImage
    - TapAdditionsKit
    - TapApplication
    - TapCardValidator
    - TapEditableView
    - TapFontsKit
    - TapGLKit
    - TapKeychain
    - TapNetworkManager
    - TapNibView
    - TapResponderChainInputView
    - TapSearchView
    - TapSwiftFixes
    - TapVisualEffectView

EXTERNAL SOURCES:
  goSellSDK:
    :path: "../"

SPEC CHECKSUMS:
  CardIODynamic: 4a0d2d0e7b82993ceca67491564934c3475fbe79
  Crashlytics: 07fb167b1694128c1c9a5a5cc319b0e9c3ca0933
  EditableTextInsetsTextField: bf1e6ef6ea7678b6d769e0cbbdb7f3c34aea5e3a
  Fabric: f988e33c97f08930a413e08123064d2e5f68d655
  goSellSDK: 294b3b65f65cad9c0ffe76870e3860e3a849058d
  SDWebImage: c00ec18ab25d10e5ffac109b0f78d1b4341c9691
  TapAdditionsKit: ec0e7e864ad1590e0c2f62230100e2621499458f
  TapApplication: 7cc6f890af56ab7fe349802305920fd290869bd5
  TapCardValidator: adb6bf15c55610bfc6ee8252b2ee405223a9a6d2
  TapEditableView: abf320c9eec11d884fb2ca568132205c066d8504
  TapFontsKit: 982f2ebfb6b6fda3e35acef575d8f240011f0c39
  TapGLKit: 25fd29c844d4ee0e6a3690a68f4ccb5f35653e9c
  TapKeychain: 8140de1166dbe9b4ef053fbb9c569e9772e11926
  TapNetworkManager: d2ee58272b8a5c829ffd001fed82d4c98d8a8fda
  TapNibView: 3f789102e629d216047f2beeb709a4d00df22e74
  TapResponderChainInputView: c4625fd8ea883e6513c28910e2a8e376979e2d07
  TapSearchView: d4a088234849b0d2937f0ae2d92cd1d7412949cc
  TapSwiftFixes: eb367e92bbc62a253f1c6737099e58d926e936b8
  TapVisualEffectView: 30d9f4e69d2cf395fbcd3efd39034ced972e6e8d

PODFILE CHECKSUM: 49abd91ec7a22e0b6009c1c1d9dc53b5307a3bc1

COCOAPODS: 1.5.3
