PODS:
  - TapNetworkManager (1.2.2):
    - TapNetworkManager/Core (= 1.2.2)
  - TapNetworkManager/Core (1.2.2)

DEPENDENCIES:
  - TapNetworkManager

SPEC REPOS:
  https://github.com/cocoapods/specs.git:
    - TapNetworkManager

SPEC CHECKSUMS:
  TapNetworkManager: a28c0de9b6ef1d4ff04150cea55b2e7a89e46131

PODFILE CHECKSUM: 60064d1b77e03afaf8bcd96c5d23a9853015faa5

COCOAPODS: 1.5.3
