// !$*UTF8*$!
{
	archiveVersion = 1;
	classes = {
	};
	objectVersion = 48;
	objects = {

/* Begin PBXBuildFile section */
		46624B524CC48A2E4DD46449 /* Pods_goSellSDK.framework in Frameworks */ = {isa = PBXBuildFile; fileRef = 48434EACAB5964D7D7C9EBCD /* Pods_goSellSDK.framework */; };
		A40D32272031E6DE0030FDDE /* goSellSDK.h in Headers */ = {isa = PBXBuildFile; fileRef = A40D32192031E6DE0030FDDE /* goSellSDK.h */; settings = {ATTRIBUTES = (Public, ); }; };
		A40DBC9A2088B3FB005B170B /* PayButtonUI.swift in Sources */ = {isa = PBXBuildFile; fileRef = A40DBC992088B3FB005B170B /* PayButtonUI.swift */; };
		A40DBCA02088C029005B170B /* PayButtonUIDelegate.swift in Sources */ = {isa = PBXBuildFile; fileRef = A40DBC9F2088C029005B170B /* PayButtonUIDelegate.swift */; };
		A40DBCA42088C031005B170B /* WebPaymentViewController.swift in Sources */ = {isa = PBXBuildFile; fileRef = A40DBCA12088C031005B170B /* WebPaymentViewController.swift */; };
		A40DBCA52088C031005B170B /* PaymentOptionsViewController.swift in Sources */ = {isa = PBXBuildFile; fileRef = A40DBCA22088C031005B170B /* PaymentOptionsViewController.swift */; };
		A40DBCA62088C031005B170B /* PaymentContainerViewController.swift in Sources */ = {isa = PBXBuildFile; fileRef = A40DBCA32088C031005B170B /* PaymentContainerViewController.swift */; };
		A40DBCA92088C03F005B170B /* PaymentPresentationAnimationController.swift in Sources */ = {isa = PBXBuildFile; fileRef = A40DBCA82088C03F005B170B /* PaymentPresentationAnimationController.swift */; };
		A40F5FD02085E73A001D6A9A /* SecureEncodable.swift in Sources */ = {isa = PBXBuildFile; fileRef = A40F5FCF2085E73A001D6A9A /* SecureEncodable.swift */; };
		A40F5FD42085F27D001D6A9A /* APIClient+Initialization.swift in Sources */ = {isa = PBXBuildFile; fileRef = A40F5FD32085F27D001D6A9A /* APIClient+Initialization.swift */; };
		A43ED4232080BD250028C542 /* PayButtonProtocol.swift in Sources */ = {isa = PBXBuildFile; fileRef = A43ED4222080BD250028C542 /* PayButtonProtocol.swift */; };
		A43ED4272080CEDD0028C542 /* PayButton.swift in Sources */ = {isa = PBXBuildFile; fileRef = A43ED4262080CEDD0028C542 /* PayButton.swift */; };
		A43ED42A2080CF870028C542 /* PayButton.xib in Resources */ = {isa = PBXBuildFile; fileRef = A43ED4292080CF870028C542 /* PayButton.xib */; };
		A46CDF2E2042ABEE00EA38A5 /* goSellSDK.h in Headers */ = {isa = PBXBuildFile; fileRef = A40D32192031E6DE0030FDDE /* goSellSDK.h */; settings = {ATTRIBUTES = (Public, ); }; };
		A4752A19208E042B003118DB /* StaticHeightCell.swift in Sources */ = {isa = PBXBuildFile; fileRef = A4752A18208E042B003118DB /* StaticHeightCell.swift */; };
		A4752A1D208E09CA003118DB /* EmptyTableViewCellModel.swift in Sources */ = {isa = PBXBuildFile; fileRef = A4752A1C208E09C9003118DB /* EmptyTableViewCellModel.swift */; };
		A4752A39208EFF5C003118DB /* EmptyTableViewCell.swift in Sources */ = {isa = PBXBuildFile; fileRef = A4752A34208EFF5C003118DB /* EmptyTableViewCell.swift */; };
		A4752A3A208EFF5C003118DB /* CardInputTableViewCell.swift in Sources */ = {isa = PBXBuildFile; fileRef = A4752A35208EFF5C003118DB /* CardInputTableViewCell.swift */; };
		A4752A3B208EFF5C003118DB /* WebPaymentOptionTableViewCell.swift in Sources */ = {isa = PBXBuildFile; fileRef = A4752A36208EFF5C003118DB /* WebPaymentOptionTableViewCell.swift */; };
		A4752A3D208EFF5C003118DB /* GroupTableViewCell.swift in Sources */ = {isa = PBXBuildFile; fileRef = A4752A38208EFF5C003118DB /* GroupTableViewCell.swift */; };
		A4752A3F208EFF74003118DB /* ImageCollectionViewCell.swift in Sources */ = {isa = PBXBuildFile; fileRef = A4752A3E208EFF74003118DB /* ImageCollectionViewCell.swift */; };
		A479F7192099DB2100556E10 /* Card.swift in Sources */ = {isa = PBXBuildFile; fileRef = A479F7122099DB2000556E10 /* Card.swift */; };
		A479F71A2099DB2100556E10 /* Card.swift in Sources */ = {isa = PBXBuildFile; fileRef = A479F7122099DB2000556E10 /* Card.swift */; };
		A479F71B2099DB2100556E10 /* Customer.swift in Sources */ = {isa = PBXBuildFile; fileRef = A479F7132099DB2100556E10 /* Customer.swift */; };
		A479F71C2099DB2100556E10 /* Customer.swift in Sources */ = {isa = PBXBuildFile; fileRef = A479F7132099DB2100556E10 /* Customer.swift */; };
		A479F71D2099DB2100556E10 /* PaymentOptionsRequest.swift in Sources */ = {isa = PBXBuildFile; fileRef = A479F7142099DB2100556E10 /* PaymentOptionsRequest.swift */; };
		A479F71E2099DB2100556E10 /* PaymentOptionsRequest.swift in Sources */ = {isa = PBXBuildFile; fileRef = A479F7142099DB2100556E10 /* PaymentOptionsRequest.swift */; };
		A479F71F2099DB2100556E10 /* EmailAddress.swift in Sources */ = {isa = PBXBuildFile; fileRef = A479F7152099DB2100556E10 /* EmailAddress.swift */; };
		A479F7202099DB2100556E10 /* EmailAddress.swift in Sources */ = {isa = PBXBuildFile; fileRef = A479F7152099DB2100556E10 /* EmailAddress.swift */; };
		A479F7212099DB2100556E10 /* Currency.swift in Sources */ = {isa = PBXBuildFile; fileRef = A479F7162099DB2100556E10 /* Currency.swift */; };
		A479F7222099DB2100556E10 /* Currency.swift in Sources */ = {isa = PBXBuildFile; fileRef = A479F7162099DB2100556E10 /* Currency.swift */; };
		A479F7232099DB2100556E10 /* Merchant.swift in Sources */ = {isa = PBXBuildFile; fileRef = A479F7172099DB2100556E10 /* Merchant.swift */; };
		A479F7242099DB2100556E10 /* Merchant.swift in Sources */ = {isa = PBXBuildFile; fileRef = A479F7172099DB2100556E10 /* Merchant.swift */; };
		A479F7252099DB2100556E10 /* PaymentItem.swift in Sources */ = {isa = PBXBuildFile; fileRef = A479F7182099DB2100556E10 /* PaymentItem.swift */; };
		A479F7262099DB2100556E10 /* PaymentItem.swift in Sources */ = {isa = PBXBuildFile; fileRef = A479F7182099DB2100556E10 /* PaymentItem.swift */; };
		A479F7292099DB5E00556E10 /* PayButtonUI.xib in Resources */ = {isa = PBXBuildFile; fileRef = A479F7272099DB5D00556E10 /* PayButtonUI.xib */; };
		A479F72A2099DB5E00556E10 /* PayButtonUI.xib in Resources */ = {isa = PBXBuildFile; fileRef = A479F7272099DB5D00556E10 /* PayButtonUI.xib */; };
		A479F72B2099DB5E00556E10 /* LoadingImageView.xib in Resources */ = {isa = PBXBuildFile; fileRef = A479F7282099DB5E00556E10 /* LoadingImageView.xib */; };
		A479F72C2099DB5E00556E10 /* LoadingImageView.xib in Resources */ = {isa = PBXBuildFile; fileRef = A479F7282099DB5E00556E10 /* LoadingImageView.xib */; };
		A482F73120853FF200AA76A4 /* goSellSDK.swift in Sources */ = {isa = PBXBuildFile; fileRef = A482F71E20853FF200AA76A4 /* goSellSDK.swift */; };
		A482F73A2085BC1000AA76A4 /* Charge.swift in Sources */ = {isa = PBXBuildFile; fileRef = A482F7372085BC0F00AA76A4 /* Charge.swift */; };
		A482F73B2085BC1000AA76A4 /* CreateChargeRequest.swift in Sources */ = {isa = PBXBuildFile; fileRef = A482F7382085BC0F00AA76A4 /* CreateChargeRequest.swift */; };
		A482F73C2085BC1000AA76A4 /* UpdateChargeRequest.swift in Sources */ = {isa = PBXBuildFile; fileRef = A482F7392085BC1000AA76A4 /* UpdateChargeRequest.swift */; };
		A482F73E2085BC8900AA76A4 /* Redirect.swift in Sources */ = {isa = PBXBuildFile; fileRef = A482F73D2085BC8900AA76A4 /* Redirect.swift */; };
		A482F7452085BD7D00AA76A4 /* SourceIdentifier.swift in Sources */ = {isa = PBXBuildFile; fileRef = A482F7442085BD7D00AA76A4 /* SourceIdentifier.swift */; };
		A482F7472085BDA900AA76A4 /* Source.swift in Sources */ = {isa = PBXBuildFile; fileRef = A482F7462085BDA900AA76A4 /* Source.swift */; };
		A482F74A2085BE7600AA76A4 /* Identifiable.swift in Sources */ = {isa = PBXBuildFile; fileRef = A482F7492085BE7600AA76A4 /* Identifiable.swift */; };
		A482F7502085CED200AA76A4 /* APIClient.swift in Sources */ = {isa = PBXBuildFile; fileRef = A482F74E2085CED200AA76A4 /* APIClient.swift */; };
		A482F7532085CEF000AA76A4 /* APIClient+Charges.swift in Sources */ = {isa = PBXBuildFile; fileRef = A482F7522085CEF000AA76A4 /* APIClient+Charges.swift */; };
		A482F7552085D8D300AA76A4 /* TapSerializationError.swift in Sources */ = {isa = PBXBuildFile; fileRef = A482F7542085D8D300AA76A4 /* TapSerializationError.swift */; };
		A482F7572085D91A00AA76A4 /* TapSDKErrorType.swift in Sources */ = {isa = PBXBuildFile; fileRef = A482F7562085D91A00AA76A4 /* TapSDKErrorType.swift */; };
		A482F7622085DAF100AA76A4 /* TapSDKAPIError.swift in Sources */ = {isa = PBXBuildFile; fileRef = A482F75F2085DAF100AA76A4 /* TapSDKAPIError.swift */; };
		A482F7632085DAF100AA76A4 /* TapSDKError.swift in Sources */ = {isa = PBXBuildFile; fileRef = A482F7602085DAF100AA76A4 /* TapSDKError.swift */; };
		A482F7642085DAF100AA76A4 /* TapSDKKnownError.swift in Sources */ = {isa = PBXBuildFile; fileRef = A482F7612085DAF100AA76A4 /* TapSDKKnownError.swift */; };
		A482F7662085DB1300AA76A4 /* TapSDKUnknownError.swift in Sources */ = {isa = PBXBuildFile; fileRef = A482F7652085DB1300AA76A4 /* TapSDKUnknownError.swift */; };
		A482F7682085DB6300AA76A4 /* APIError.swift in Sources */ = {isa = PBXBuildFile; fileRef = A482F7672085DB6300AA76A4 /* APIError.swift */; };
		A482F76A2085DB9C00AA76A4 /* ErrorDetail.swift in Sources */ = {isa = PBXBuildFile; fileRef = A482F7692085DB9C00AA76A4 /* ErrorDetail.swift */; };
		A482F76F2085DCF900AA76A4 /* CustomStringConvertible+goSellSDK.swift in Sources */ = {isa = PBXBuildFile; fileRef = A482F76C2085DCF900AA76A4 /* CustomStringConvertible+goSellSDK.swift */; };
		A482F7702085DCF900AA76A4 /* Decodable+goSellSDK.swift in Sources */ = {isa = PBXBuildFile; fileRef = A482F76D2085DCF900AA76A4 /* Decodable+goSellSDK.swift */; };
		A482F7712085DCF900AA76A4 /* Encodable+goSellSDK.swift in Sources */ = {isa = PBXBuildFile; fileRef = A482F76E2085DCF900AA76A4 /* Encodable+goSellSDK.swift */; };
		A482F7752085DD3800AA76A4 /* Crypter.swift in Sources */ = {isa = PBXBuildFile; fileRef = A482F7732085DD3700AA76A4 /* Crypter.swift */; };
		A482F7762085DD3800AA76A4 /* RSAUtils.swift in Sources */ = {isa = PBXBuildFile; fileRef = A482F7742085DD3800AA76A4 /* RSAUtils.swift */; };
		A49107D5208F79BB007F446C /* CardInputTableViewCellModel+UICollectionView.swift in Sources */ = {isa = PBXBuildFile; fileRef = A49107D3208F79BA007F446C /* CardInputTableViewCellModel+UICollectionView.swift */; };
		A49107D6208F79BB007F446C /* CardInputTableViewCellModel+UICollectionView.swift in Sources */ = {isa = PBXBuildFile; fileRef = A49107D3208F79BA007F446C /* CardInputTableViewCellModel+UICollectionView.swift */; };
		A49107D7208F79BB007F446C /* ImageCollectionViewCellModel.swift in Sources */ = {isa = PBXBuildFile; fileRef = A49107D4208F79BB007F446C /* ImageCollectionViewCellModel.swift */; };
		A49107D8208F79BB007F446C /* ImageCollectionViewCellModel.swift in Sources */ = {isa = PBXBuildFile; fileRef = A49107D4208F79BB007F446C /* ImageCollectionViewCellModel.swift */; };
		A49107DA208F7A8F007F446C /* DynamicHeightCell.swift in Sources */ = {isa = PBXBuildFile; fileRef = A49107D9208F7A8F007F446C /* DynamicHeightCell.swift */; };
		A49107DB208F7A8F007F446C /* DynamicHeightCell.swift in Sources */ = {isa = PBXBuildFile; fileRef = A49107D9208F7A8F007F446C /* DynamicHeightCell.swift */; };
		A4B6E43520860A0700078072 /* Route.swift in Sources */ = {isa = PBXBuildFile; fileRef = A4B6E43420860A0700078072 /* Route.swift */; };
		A4B6E43720860AEA00078072 /* SDKSettings.swift in Sources */ = {isa = PBXBuildFile; fileRef = A4B6E43620860AEA00078072 /* SDKSettings.swift */; };
		A4B6E43B20860BFC00078072 /* SDKSettingsData.swift in Sources */ = {isa = PBXBuildFile; fileRef = A4B6E43A20860BFC00078072 /* SDKSettingsData.swift */; };
		A4B6E43D20860CD800078072 /* Permissions.swift in Sources */ = {isa = PBXBuildFile; fileRef = A4B6E43C20860CD800078072 /* Permissions.swift */; };
		A4B6E4402086265900078072 /* SettingsDataManager.swift in Sources */ = {isa = PBXBuildFile; fileRef = A4B6E43F2086265900078072 /* SettingsDataManager.swift */; };
		A4B6E4422086279900078072 /* InitializationStatus.swift in Sources */ = {isa = PBXBuildFile; fileRef = A4B6E4412086279900078072 /* InitializationStatus.swift */; };
		A4C0FC56208CE50C00C5FBC6 /* PaymentDataManager.swift in Sources */ = {isa = PBXBuildFile; fileRef = A4C0FC55208CE50C00C5FBC6 /* PaymentDataManager.swift */; };
		A4C0FC5A208CE9AB00C5FBC6 /* PaymentType.swift in Sources */ = {isa = PBXBuildFile; fileRef = A4C0FC59208CE9AB00C5FBC6 /* PaymentType.swift */; };
		A4C0FC5F208CEC4900C5FBC6 /* ViewModel.swift in Sources */ = {isa = PBXBuildFile; fileRef = A4C0FC5E208CEC4900C5FBC6 /* ViewModel.swift */; };
		A4C0FC61208CEC7900C5FBC6 /* GroupTableViewCellModel.swift in Sources */ = {isa = PBXBuildFile; fileRef = A4C0FC60208CEC7900C5FBC6 /* GroupTableViewCellModel.swift */; };
		A4C0FC63208CED0C00C5FBC6 /* WebPaymentOptionTableViewCellModel.swift in Sources */ = {isa = PBXBuildFile; fileRef = A4C0FC62208CED0C00C5FBC6 /* WebPaymentOptionTableViewCellModel.swift */; };
		A4C0FC69208CEE3F00C5FBC6 /* CardInputTableViewCellModel.swift in Sources */ = {isa = PBXBuildFile; fileRef = A4C0FC68208CEE3F00C5FBC6 /* CardInputTableViewCellModel.swift */; };
		A4C0FC76208CEED200C5FBC6 /* CellViewModel.swift in Sources */ = {isa = PBXBuildFile; fileRef = A4C0FC75208CEED200C5FBC6 /* CellViewModel.swift */; };
		A4C0FC7E208CF44300C5FBC6 /* LoadingWithModelCell.swift in Sources */ = {isa = PBXBuildFile; fileRef = A4C0FC7D208CF44300C5FBC6 /* LoadingWithModelCell.swift */; };
		A4C0FC8D208DFA2200C5FBC6 /* SingleCellModel.swift in Sources */ = {isa = PBXBuildFile; fileRef = A4C0FC8C208DFA2200C5FBC6 /* SingleCellModel.swift */; };
		A4D5310A208A46E700830AD8 /* APIClient+PaymentTypes.swift in Sources */ = {isa = PBXBuildFile; fileRef = A4D53109208A46E700830AD8 /* APIClient+PaymentTypes.swift */; };
		A4D5310B208A46E700830AD8 /* APIClient+PaymentTypes.swift in Sources */ = {isa = PBXBuildFile; fileRef = A4D53109208A46E700830AD8 /* APIClient+PaymentTypes.swift */; };
		A4D5310F208A47C600830AD8 /* PaymentOption.swift in Sources */ = {isa = PBXBuildFile; fileRef = A4D5310E208A47C600830AD8 /* PaymentOption.swift */; };
		A4D53110208A47C600830AD8 /* PaymentOption.swift in Sources */ = {isa = PBXBuildFile; fileRef = A4D5310E208A47C600830AD8 /* PaymentOption.swift */; };
		A4D5311C208A4E4400830AD8 /* PaymentOptionsResponse.swift in Sources */ = {isa = PBXBuildFile; fileRef = A4D5311B208A4E4400830AD8 /* PaymentOptionsResponse.swift */; };
		A4D5311D208A4E4400830AD8 /* PaymentOptionsResponse.swift in Sources */ = {isa = PBXBuildFile; fileRef = A4D5311B208A4E4400830AD8 /* PaymentOptionsResponse.swift */; };
		A4D53121208A54C400830AD8 /* ExtraFee.swift in Sources */ = {isa = PBXBuildFile; fileRef = A4D53120208A54C400830AD8 /* ExtraFee.swift */; };
		A4D53122208A54C400830AD8 /* ExtraFee.swift in Sources */ = {isa = PBXBuildFile; fileRef = A4D53120208A54C400830AD8 /* ExtraFee.swift */; };
		A4D53126208A565400830AD8 /* FeeType.swift in Sources */ = {isa = PBXBuildFile; fileRef = A4D53125208A565400830AD8 /* FeeType.swift */; };
		A4D53127208A565400830AD8 /* FeeType.swift in Sources */ = {isa = PBXBuildFile; fileRef = A4D53125208A565400830AD8 /* FeeType.swift */; };
		A4D5FE10208273FB007D52F5 /* PayButtonState.swift in Sources */ = {isa = PBXBuildFile; fileRef = A4D5FE0F208273FB007D52F5 /* PayButtonState.swift */; };
		A4D5FE1320827680007D52F5 /* PaymentViewController.swift in Sources */ = {isa = PBXBuildFile; fileRef = A4D5FE1220827680007D52F5 /* PaymentViewController.swift */; };
		A4D5FE1520830CB6007D52F5 /* PayButtonDelegate.swift in Sources */ = {isa = PBXBuildFile; fileRef = A4D5FE1420830CB6007D52F5 /* PayButtonDelegate.swift */; };
		A4D5FE1720830D8A007D52F5 /* PayButtonInternalImplementation.swift in Sources */ = {isa = PBXBuildFile; fileRef = A4D5FE1620830D8A007D52F5 /* PayButtonInternalImplementation.swift */; };
		A4D5FE1920830ECB007D52F5 /* Payment.storyboard in Resources */ = {isa = PBXBuildFile; fileRef = A4D5FE1820830ECB007D52F5 /* Payment.storyboard */; };
		A4D5FE1C208311B7007D52F5 /* UIStoryboard+Additions.swift in Sources */ = {isa = PBXBuildFile; fileRef = A4D5FE1B208311B7007D52F5 /* UIStoryboard+Additions.swift */; };
		A4D5FE1E208311FE007D52F5 /* Bundle+Additions.swift in Sources */ = {isa = PBXBuildFile; fileRef = A4D5FE1D208311FE007D52F5 /* Bundle+Additions.swift */; };
/* End PBXBuildFile section */

/* Begin PBXFileReference section */
		16A38A8831C7BCCD73B43B9E /* Pods-goSellSDK.release.xcconfig */ = {isa = PBXFileReference; includeInIndex = 1; lastKnownFileType = text.xcconfig; name = "Pods-goSellSDK.release.xcconfig"; path = "Pods/Target Support Files/Pods-goSellSDK/Pods-goSellSDK.release.xcconfig"; sourceTree = "<group>"; };
		48434EACAB5964D7D7C9EBCD /* Pods_goSellSDK.framework */ = {isa = PBXFileReference; explicitFileType = wrapper.framework; includeInIndex = 0; path = Pods_goSellSDK.framework; sourceTree = BUILT_PRODUCTS_DIR; };
		8077B843FF020BBDBBA16684 /* Pods_goSellSDKExample.framework */ = {isa = PBXFileReference; explicitFileType = wrapper.framework; includeInIndex = 0; path = Pods_goSellSDKExample.framework; sourceTree = BUILT_PRODUCTS_DIR; };
		A40D32162031E6DE0030FDDE /* goSellSDK.framework */ = {isa = PBXFileReference; explicitFileType = wrapper.framework; includeInIndex = 0; path = goSellSDK.framework; sourceTree = BUILT_PRODUCTS_DIR; };
		A40D32192031E6DE0030FDDE /* goSellSDK.h */ = {isa = PBXFileReference; lastKnownFileType = sourcecode.c.h; path = goSellSDK.h; sourceTree = "<group>"; };
		A40D321A2031E6DE0030FDDE /* Info.plist */ = {isa = PBXFileReference; lastKnownFileType = text.plist.xml; path = Info.plist; sourceTree = "<group>"; };
		A40DBC992088B3FB005B170B /* PayButtonUI.swift */ = {isa = PBXFileReference; fileEncoding = 4; lastKnownFileType = sourcecode.swift; path = PayButtonUI.swift; sourceTree = "<group>"; };
		A40DBC9F2088C029005B170B /* PayButtonUIDelegate.swift */ = {isa = PBXFileReference; fileEncoding = 4; lastKnownFileType = sourcecode.swift; path = PayButtonUIDelegate.swift; sourceTree = "<group>"; };
		A40DBCA12088C031005B170B /* WebPaymentViewController.swift */ = {isa = PBXFileReference; fileEncoding = 4; lastKnownFileType = sourcecode.swift; path = WebPaymentViewController.swift; sourceTree = "<group>"; };
		A40DBCA22088C031005B170B /* PaymentOptionsViewController.swift */ = {isa = PBXFileReference; fileEncoding = 4; lastKnownFileType = sourcecode.swift; path = PaymentOptionsViewController.swift; sourceTree = "<group>"; };
		A40DBCA32088C031005B170B /* PaymentContainerViewController.swift */ = {isa = PBXFileReference; fileEncoding = 4; lastKnownFileType = sourcecode.swift; path = PaymentContainerViewController.swift; sourceTree = "<group>"; };
		A40DBCA82088C03F005B170B /* PaymentPresentationAnimationController.swift */ = {isa = PBXFileReference; fileEncoding = 4; lastKnownFileType = sourcecode.swift; path = PaymentPresentationAnimationController.swift; sourceTree = "<group>"; };
		A40F5FCF2085E73A001D6A9A /* SecureEncodable.swift */ = {isa = PBXFileReference; fileEncoding = 4; lastKnownFileType = sourcecode.swift; path = SecureEncodable.swift; sourceTree = "<group>"; };
		A40F5FD32085F27D001D6A9A /* APIClient+Initialization.swift */ = {isa = PBXFileReference; lastKnownFileType = sourcecode.swift; path = "APIClient+Initialization.swift"; sourceTree = "<group>"; };
		A4118B82203AD845003415C2 /* goSellSDK.podspec */ = {isa = PBXFileReference; fileEncoding = 4; lastKnownFileType = text; path = goSellSDK.podspec; sourceTree = "<group>"; xcLanguageSpecificationIdentifier = xcode.lang.ruby; };
		A43ED4222080BD250028C542 /* PayButtonProtocol.swift */ = {isa = PBXFileReference; lastKnownFileType = sourcecode.swift; path = PayButtonProtocol.swift; sourceTree = "<group>"; };
		A43ED4262080CEDD0028C542 /* PayButton.swift */ = {isa = PBXFileReference; lastKnownFileType = sourcecode.swift; path = PayButton.swift; sourceTree = "<group>"; };
		A43ED4292080CF870028C542 /* PayButton.xib */ = {isa = PBXFileReference; lastKnownFileType = file.xib; path = PayButton.xib; sourceTree = "<group>"; };
		A46CDF342042ABEE00EA38A5 /* goSellSDK.framework */ = {isa = PBXFileReference; explicitFileType = wrapper.framework; includeInIndex = 0; path = goSellSDK.framework; sourceTree = BUILT_PRODUCTS_DIR; };
		A46CDF362042BE6300EA38A5 /* TapNetworkManager_Carthage.framework */ = {isa = PBXFileReference; lastKnownFileType = wrapper.framework; name = TapNetworkManager_Carthage.framework; path = Carthage/Build/iOS/TapNetworkManager_Carthage.framework; sourceTree = "<group>"; };
		A4752A18208E042B003118DB /* StaticHeightCell.swift */ = {isa = PBXFileReference; lastKnownFileType = sourcecode.swift; path = StaticHeightCell.swift; sourceTree = "<group>"; };
		A4752A1C208E09C9003118DB /* EmptyTableViewCellModel.swift */ = {isa = PBXFileReference; fileEncoding = 4; lastKnownFileType = sourcecode.swift; path = EmptyTableViewCellModel.swift; sourceTree = "<group>"; };
		A4752A34208EFF5C003118DB /* EmptyTableViewCell.swift */ = {isa = PBXFileReference; fileEncoding = 4; lastKnownFileType = sourcecode.swift; path = EmptyTableViewCell.swift; sourceTree = "<group>"; };
		A4752A35208EFF5C003118DB /* CardInputTableViewCell.swift */ = {isa = PBXFileReference; fileEncoding = 4; lastKnownFileType = sourcecode.swift; path = CardInputTableViewCell.swift; sourceTree = "<group>"; };
		A4752A36208EFF5C003118DB /* WebPaymentOptionTableViewCell.swift */ = {isa = PBXFileReference; fileEncoding = 4; lastKnownFileType = sourcecode.swift; path = WebPaymentOptionTableViewCell.swift; sourceTree = "<group>"; };
		A4752A38208EFF5C003118DB /* GroupTableViewCell.swift */ = {isa = PBXFileReference; fileEncoding = 4; lastKnownFileType = sourcecode.swift; path = GroupTableViewCell.swift; sourceTree = "<group>"; };
		A4752A3E208EFF74003118DB /* ImageCollectionViewCell.swift */ = {isa = PBXFileReference; lastKnownFileType = sourcecode.swift; path = ImageCollectionViewCell.swift; sourceTree = "<group>"; };
		A479F7122099DB2000556E10 /* Card.swift */ = {isa = PBXFileReference; fileEncoding = 4; lastKnownFileType = sourcecode.swift; path = Card.swift; sourceTree = "<group>"; };
		A479F7132099DB2100556E10 /* Customer.swift */ = {isa = PBXFileReference; fileEncoding = 4; lastKnownFileType = sourcecode.swift; path = Customer.swift; sourceTree = "<group>"; };
		A479F7142099DB2100556E10 /* PaymentOptionsRequest.swift */ = {isa = PBXFileReference; fileEncoding = 4; lastKnownFileType = sourcecode.swift; path = PaymentOptionsRequest.swift; sourceTree = "<group>"; };
		A479F7152099DB2100556E10 /* EmailAddress.swift */ = {isa = PBXFileReference; fileEncoding = 4; lastKnownFileType = sourcecode.swift; path = EmailAddress.swift; sourceTree = "<group>"; };
		A479F7162099DB2100556E10 /* Currency.swift */ = {isa = PBXFileReference; fileEncoding = 4; lastKnownFileType = sourcecode.swift; path = Currency.swift; sourceTree = "<group>"; };
		A479F7172099DB2100556E10 /* Merchant.swift */ = {isa = PBXFileReference; fileEncoding = 4; lastKnownFileType = sourcecode.swift; path = Merchant.swift; sourceTree = "<group>"; };
		A479F7182099DB2100556E10 /* PaymentItem.swift */ = {isa = PBXFileReference; fileEncoding = 4; lastKnownFileType = sourcecode.swift; path = PaymentItem.swift; sourceTree = "<group>"; };
		A479F7272099DB5D00556E10 /* PayButtonUI.xib */ = {isa = PBXFileReference; fileEncoding = 4; lastKnownFileType = file.xib; path = PayButtonUI.xib; sourceTree = "<group>"; };
		A479F7282099DB5E00556E10 /* LoadingImageView.xib */ = {isa = PBXFileReference; fileEncoding = 4; lastKnownFileType = file.xib; path = LoadingImageView.xib; sourceTree = "<group>"; };
		A482F71E20853FF200AA76A4 /* goSellSDK.swift */ = {isa = PBXFileReference; fileEncoding = 4; lastKnownFileType = sourcecode.swift; path = goSellSDK.swift; sourceTree = "<group>"; };
		A482F7372085BC0F00AA76A4 /* Charge.swift */ = {isa = PBXFileReference; fileEncoding = 4; lastKnownFileType = sourcecode.swift; path = Charge.swift; sourceTree = "<group>"; };
		A482F7382085BC0F00AA76A4 /* CreateChargeRequest.swift */ = {isa = PBXFileReference; fileEncoding = 4; lastKnownFileType = sourcecode.swift; path = CreateChargeRequest.swift; sourceTree = "<group>"; };
		A482F7392085BC1000AA76A4 /* UpdateChargeRequest.swift */ = {isa = PBXFileReference; fileEncoding = 4; lastKnownFileType = sourcecode.swift; path = UpdateChargeRequest.swift; sourceTree = "<group>"; };
		A482F73D2085BC8900AA76A4 /* Redirect.swift */ = {isa = PBXFileReference; lastKnownFileType = sourcecode.swift; path = Redirect.swift; sourceTree = "<group>"; };
		A482F7442085BD7D00AA76A4 /* SourceIdentifier.swift */ = {isa = PBXFileReference; lastKnownFileType = sourcecode.swift; path = SourceIdentifier.swift; sourceTree = "<group>"; };
		A482F7462085BDA900AA76A4 /* Source.swift */ = {isa = PBXFileReference; lastKnownFileType = sourcecode.swift; path = Source.swift; sourceTree = "<group>"; };
		A482F7492085BE7600AA76A4 /* Identifiable.swift */ = {isa = PBXFileReference; fileEncoding = 4; lastKnownFileType = sourcecode.swift; path = Identifiable.swift; sourceTree = "<group>"; };
		A482F74E2085CED200AA76A4 /* APIClient.swift */ = {isa = PBXFileReference; fileEncoding = 4; lastKnownFileType = sourcecode.swift; path = APIClient.swift; sourceTree = "<group>"; };
		A482F7522085CEF000AA76A4 /* APIClient+Charges.swift */ = {isa = PBXFileReference; lastKnownFileType = sourcecode.swift; path = "APIClient+Charges.swift"; sourceTree = "<group>"; };
		A482F7542085D8D300AA76A4 /* TapSerializationError.swift */ = {isa = PBXFileReference; lastKnownFileType = sourcecode.swift; path = TapSerializationError.swift; sourceTree = "<group>"; };
		A482F7562085D91A00AA76A4 /* TapSDKErrorType.swift */ = {isa = PBXFileReference; lastKnownFileType = sourcecode.swift; path = TapSDKErrorType.swift; sourceTree = "<group>"; };
		A482F75F2085DAF100AA76A4 /* TapSDKAPIError.swift */ = {isa = PBXFileReference; fileEncoding = 4; lastKnownFileType = sourcecode.swift; path = TapSDKAPIError.swift; sourceTree = "<group>"; };
		A482F7602085DAF100AA76A4 /* TapSDKError.swift */ = {isa = PBXFileReference; fileEncoding = 4; lastKnownFileType = sourcecode.swift; path = TapSDKError.swift; sourceTree = "<group>"; };
		A482F7612085DAF100AA76A4 /* TapSDKKnownError.swift */ = {isa = PBXFileReference; fileEncoding = 4; lastKnownFileType = sourcecode.swift; path = TapSDKKnownError.swift; sourceTree = "<group>"; };
		A482F7652085DB1300AA76A4 /* TapSDKUnknownError.swift */ = {isa = PBXFileReference; lastKnownFileType = sourcecode.swift; path = TapSDKUnknownError.swift; sourceTree = "<group>"; };
		A482F7672085DB6300AA76A4 /* APIError.swift */ = {isa = PBXFileReference; lastKnownFileType = sourcecode.swift; path = APIError.swift; sourceTree = "<group>"; };
		A482F7692085DB9C00AA76A4 /* ErrorDetail.swift */ = {isa = PBXFileReference; lastKnownFileType = sourcecode.swift; path = ErrorDetail.swift; sourceTree = "<group>"; };
		A482F76C2085DCF900AA76A4 /* CustomStringConvertible+goSellSDK.swift */ = {isa = PBXFileReference; fileEncoding = 4; lastKnownFileType = sourcecode.swift; path = "CustomStringConvertible+goSellSDK.swift"; sourceTree = "<group>"; };
		A482F76D2085DCF900AA76A4 /* Decodable+goSellSDK.swift */ = {isa = PBXFileReference; fileEncoding = 4; lastKnownFileType = sourcecode.swift; path = "Decodable+goSellSDK.swift"; sourceTree = "<group>"; };
		A482F76E2085DCF900AA76A4 /* Encodable+goSellSDK.swift */ = {isa = PBXFileReference; fileEncoding = 4; lastKnownFileType = sourcecode.swift; path = "Encodable+goSellSDK.swift"; sourceTree = "<group>"; };
		A482F7732085DD3700AA76A4 /* Crypter.swift */ = {isa = PBXFileReference; fileEncoding = 4; lastKnownFileType = sourcecode.swift; path = Crypter.swift; sourceTree = "<group>"; };
		A482F7742085DD3800AA76A4 /* RSAUtils.swift */ = {isa = PBXFileReference; fileEncoding = 4; lastKnownFileType = sourcecode.swift; path = RSAUtils.swift; sourceTree = "<group>"; };
		A49107D3208F79BA007F446C /* CardInputTableViewCellModel+UICollectionView.swift */ = {isa = PBXFileReference; fileEncoding = 4; lastKnownFileType = sourcecode.swift; path = "CardInputTableViewCellModel+UICollectionView.swift"; sourceTree = "<group>"; };
		A49107D4208F79BB007F446C /* ImageCollectionViewCellModel.swift */ = {isa = PBXFileReference; fileEncoding = 4; lastKnownFileType = sourcecode.swift; path = ImageCollectionViewCellModel.swift; sourceTree = "<group>"; };
		A49107D9208F7A8F007F446C /* DynamicHeightCell.swift */ = {isa = PBXFileReference; fileEncoding = 4; lastKnownFileType = sourcecode.swift; path = DynamicHeightCell.swift; sourceTree = "<group>"; };
		A4B6E43420860A0700078072 /* Route.swift */ = {isa = PBXFileReference; fileEncoding = 4; lastKnownFileType = sourcecode.swift; path = Route.swift; sourceTree = "<group>"; };
		A4B6E43620860AEA00078072 /* SDKSettings.swift */ = {isa = PBXFileReference; lastKnownFileType = sourcecode.swift; path = SDKSettings.swift; sourceTree = "<group>"; };
		A4B6E43A20860BFC00078072 /* SDKSettingsData.swift */ = {isa = PBXFileReference; lastKnownFileType = sourcecode.swift; path = SDKSettingsData.swift; sourceTree = "<group>"; };
		A4B6E43C20860CD800078072 /* Permissions.swift */ = {isa = PBXFileReference; lastKnownFileType = sourcecode.swift; path = Permissions.swift; sourceTree = "<group>"; };
		A4B6E43F2086265900078072 /* SettingsDataManager.swift */ = {isa = PBXFileReference; lastKnownFileType = sourcecode.swift; path = SettingsDataManager.swift; sourceTree = "<group>"; };
		A4B6E4412086279900078072 /* InitializationStatus.swift */ = {isa = PBXFileReference; lastKnownFileType = sourcecode.swift; path = InitializationStatus.swift; sourceTree = "<group>"; };
		A4C0FC55208CE50C00C5FBC6 /* PaymentDataManager.swift */ = {isa = PBXFileReference; lastKnownFileType = sourcecode.swift; path = PaymentDataManager.swift; sourceTree = "<group>"; };
		A4C0FC59208CE9AB00C5FBC6 /* PaymentType.swift */ = {isa = PBXFileReference; lastKnownFileType = sourcecode.swift; path = PaymentType.swift; sourceTree = "<group>"; };
		A4C0FC5E208CEC4900C5FBC6 /* ViewModel.swift */ = {isa = PBXFileReference; lastKnownFileType = sourcecode.swift; path = ViewModel.swift; sourceTree = "<group>"; };
		A4C0FC60208CEC7900C5FBC6 /* GroupTableViewCellModel.swift */ = {isa = PBXFileReference; lastKnownFileType = sourcecode.swift; path = GroupTableViewCellModel.swift; sourceTree = "<group>"; };
		A4C0FC62208CED0C00C5FBC6 /* WebPaymentOptionTableViewCellModel.swift */ = {isa = PBXFileReference; lastKnownFileType = sourcecode.swift; path = WebPaymentOptionTableViewCellModel.swift; sourceTree = "<group>"; };
		A4C0FC68208CEE3F00C5FBC6 /* CardInputTableViewCellModel.swift */ = {isa = PBXFileReference; fileEncoding = 4; lastKnownFileType = sourcecode.swift; path = CardInputTableViewCellModel.swift; sourceTree = "<group>"; };
		A4C0FC75208CEED200C5FBC6 /* CellViewModel.swift */ = {isa = PBXFileReference; lastKnownFileType = sourcecode.swift; path = CellViewModel.swift; sourceTree = "<group>"; };
		A4C0FC7D208CF44300C5FBC6 /* LoadingWithModelCell.swift */ = {isa = PBXFileReference; lastKnownFileType = sourcecode.swift; path = LoadingWithModelCell.swift; sourceTree = "<group>"; };
		A4C0FC8C208DFA2200C5FBC6 /* SingleCellModel.swift */ = {isa = PBXFileReference; fileEncoding = 4; lastKnownFileType = sourcecode.swift; path = SingleCellModel.swift; sourceTree = "<group>"; };
		A4D53109208A46E700830AD8 /* APIClient+PaymentTypes.swift */ = {isa = PBXFileReference; lastKnownFileType = sourcecode.swift; path = "APIClient+PaymentTypes.swift"; sourceTree = "<group>"; };
		A4D5310E208A47C600830AD8 /* PaymentOption.swift */ = {isa = PBXFileReference; lastKnownFileType = sourcecode.swift; path = PaymentOption.swift; sourceTree = "<group>"; };
		A4D5311B208A4E4400830AD8 /* PaymentOptionsResponse.swift */ = {isa = PBXFileReference; lastKnownFileType = sourcecode.swift; path = PaymentOptionsResponse.swift; sourceTree = "<group>"; };
		A4D53120208A54C400830AD8 /* ExtraFee.swift */ = {isa = PBXFileReference; lastKnownFileType = sourcecode.swift; path = ExtraFee.swift; sourceTree = "<group>"; };
		A4D53125208A565400830AD8 /* FeeType.swift */ = {isa = PBXFileReference; lastKnownFileType = sourcecode.swift; path = FeeType.swift; sourceTree = "<group>"; };
		A4D5FE0F208273FB007D52F5 /* PayButtonState.swift */ = {isa = PBXFileReference; lastKnownFileType = sourcecode.swift; path = PayButtonState.swift; sourceTree = "<group>"; };
		A4D5FE1220827680007D52F5 /* PaymentViewController.swift */ = {isa = PBXFileReference; lastKnownFileType = sourcecode.swift; path = PaymentViewController.swift; sourceTree = "<group>"; };
		A4D5FE1420830CB6007D52F5 /* PayButtonDelegate.swift */ = {isa = PBXFileReference; lastKnownFileType = sourcecode.swift; path = PayButtonDelegate.swift; sourceTree = "<group>"; };
		A4D5FE1620830D8A007D52F5 /* PayButtonInternalImplementation.swift */ = {isa = PBXFileReference; lastKnownFileType = sourcecode.swift; path = PayButtonInternalImplementation.swift; sourceTree = "<group>"; };
		A4D5FE1820830ECB007D52F5 /* Payment.storyboard */ = {isa = PBXFileReference; lastKnownFileType = file.storyboard; path = Payment.storyboard; sourceTree = "<group>"; };
		A4D5FE1B208311B7007D52F5 /* UIStoryboard+Additions.swift */ = {isa = PBXFileReference; lastKnownFileType = sourcecode.swift; path = "UIStoryboard+Additions.swift"; sourceTree = "<group>"; };
		A4D5FE1D208311FE007D52F5 /* Bundle+Additions.swift */ = {isa = PBXFileReference; lastKnownFileType = sourcecode.swift; path = "Bundle+Additions.swift"; sourceTree = "<group>"; };
		CF65A0C457E3C3D928DEE7AB /* Pods-goSellSDK.debug.xcconfig */ = {isa = PBXFileReference; includeInIndex = 1; lastKnownFileType = text.xcconfig; name = "Pods-goSellSDK.debug.xcconfig"; path = "Pods/Target Support Files/Pods-goSellSDK/Pods-goSellSDK.debug.xcconfig"; sourceTree = "<group>"; };
/* End PBXFileReference section */

/* Begin PBXFrameworksBuildPhase section */
		A40D32122031E6DE0030FDDE /* Frameworks */ = {
			isa = PBXFrameworksBuildPhase;
			buildActionMask = 2147483647;
			files = (
				46624B524CC48A2E4DD46449 /* Pods_goSellSDK.framework in Frameworks */,
			);
			runOnlyForDeploymentPostprocessing = 0;
		};
		A46CDF2A2042ABEE00EA38A5 /* Frameworks */ = {
			isa = PBXFrameworksBuildPhase;
			buildActionMask = 2147483647;
			files = (
			);
			runOnlyForDeploymentPostprocessing = 0;
		};
/* End PBXFrameworksBuildPhase section */

/* Begin PBXGroup section */
		2900C46CE6138AD739CAC575 /* Frameworks */ = {
			isa = PBXGroup;
			children = (
				A46CDF362042BE6300EA38A5 /* TapNetworkManager_Carthage.framework */,
				48434EACAB5964D7D7C9EBCD /* Pods_goSellSDK.framework */,
				8077B843FF020BBDBBA16684 /* Pods_goSellSDKExample.framework */,
			);
			name = Frameworks;
			sourceTree = "<group>";
		};
		67C9033215A5F155FB89B897 /* Pods */ = {
			isa = PBXGroup;
			children = (
				CF65A0C457E3C3D928DEE7AB /* Pods-goSellSDK.debug.xcconfig */,
				16A38A8831C7BCCD73B43B9E /* Pods-goSellSDK.release.xcconfig */,
			);
			name = Pods;
			sourceTree = "<group>";
		};
		A40D320C2031E6DE0030FDDE = {
			isa = PBXGroup;
			children = (
				A4118B82203AD845003415C2 /* goSellSDK.podspec */,
				A40D32182031E6DE0030FDDE /* goSellSDK */,
				A40D32172031E6DE0030FDDE /* Products */,
				2900C46CE6138AD739CAC575 /* Frameworks */,
				67C9033215A5F155FB89B897 /* Pods */,
			);
			sourceTree = "<group>";
		};
		A40D32172031E6DE0030FDDE /* Products */ = {
			isa = PBXGroup;
			children = (
				A40D32162031E6DE0030FDDE /* goSellSDK.framework */,
				A46CDF342042ABEE00EA38A5 /* goSellSDK.framework */,
			);
			name = Products;
			sourceTree = "<group>";
		};
		A40D32182031E6DE0030FDDE /* goSellSDK */ = {
			isa = PBXGroup;
			children = (
				A40D32192031E6DE0030FDDE /* goSellSDK.h */,
				A40D321A2031E6DE0030FDDE /* Info.plist */,
				A482F71E20853FF200AA76A4 /* goSellSDK.swift */,
				A482F70420853FC300AA76A4 /* API */,
				A43ED4202080BC380028C542 /* UI */,
			);
			path = goSellSDK;
			sourceTree = "<group>";
		};
		A40DBCA72088C03F005B170B /* Utils */ = {
			isa = PBXGroup;
			children = (
				A40DBCA82088C03F005B170B /* PaymentPresentationAnimationController.swift */,
			);
			path = Utils;
			sourceTree = "<group>";
		};
		A43ED4202080BC380028C542 /* UI */ = {
			isa = PBXGroup;
			children = (
				A4C0FC7C208CF42900C5FBC6 /* Protocols */,
				A4C0FC5D208CEBF300C5FBC6 /* View Models */,
				A43ED4212080BC8E0028C542 /* Buttons */,
				A4D5FE7520834B19007D52F5 /* Cells */,
				A4D5FE112082765C007D52F5 /* Controllers */,
				A4C0FC54208CE4F900C5FBC6 /* Data */,
				A4D5FE1A2083119D007D52F5 /* Extensions */,
				A43ED4282080CF670028C542 /* Resources */,
				A40DBCA72088C03F005B170B /* Utils */,
			);
			path = UI;
			sourceTree = "<group>";
		};
		A43ED4212080BC8E0028C542 /* Buttons */ = {
			isa = PBXGroup;
			children = (
				A40DBC9F2088C029005B170B /* PayButtonUIDelegate.swift */,
				A40DBC992088B3FB005B170B /* PayButtonUI.swift */,
				A43ED4222080BD250028C542 /* PayButtonProtocol.swift */,
				A4D5FE0F208273FB007D52F5 /* PayButtonState.swift */,
				A43ED4262080CEDD0028C542 /* PayButton.swift */,
				A4D5FE1420830CB6007D52F5 /* PayButtonDelegate.swift */,
				A4D5FE1620830D8A007D52F5 /* PayButtonInternalImplementation.swift */,
			);
			path = Buttons;
			sourceTree = "<group>";
		};
		A43ED4282080CF670028C542 /* Resources */ = {
			isa = PBXGroup;
			children = (
				A479F7282099DB5E00556E10 /* LoadingImageView.xib */,
				A479F7272099DB5D00556E10 /* PayButtonUI.xib */,
				A43ED4292080CF870028C542 /* PayButton.xib */,
				A4D5FE1820830ECB007D52F5 /* Payment.storyboard */,
			);
			path = Resources;
			sourceTree = "<group>";
		};
		A4752A32208EFF2B003118DB /* Table View */ = {
			isa = PBXGroup;
			children = (
				A4752A35208EFF5C003118DB /* CardInputTableViewCell.swift */,
				A4752A34208EFF5C003118DB /* EmptyTableViewCell.swift */,
				A4752A38208EFF5C003118DB /* GroupTableViewCell.swift */,
				A4752A36208EFF5C003118DB /* WebPaymentOptionTableViewCell.swift */,
			);
			path = "Table View";
			sourceTree = "<group>";
		};
		A4752A33208EFF3C003118DB /* Collection View */ = {
			isa = PBXGroup;
			children = (
				A4752A3E208EFF74003118DB /* ImageCollectionViewCell.swift */,
			);
			path = "Collection View";
			sourceTree = "<group>";
		};
		A482F70420853FC300AA76A4 /* API */ = {
			isa = PBXGroup;
			children = (
				A4B6E43E2086264A00078072 /* Settings */,
				A482F74D2085CEB000AA76A4 /* Client */,
				A482F7432085BD6600AA76A4 /* Enums */,
				A482F76B2085DCD400AA76A4 /* Extensions */,
				A482F7362085BBE700AA76A4 /* Models */,
				A482F7482085BE4700AA76A4 /* Protocols */,
				A482F7722085DD0C00AA76A4 /* Utils */,
			);
			path = API;
			sourceTree = "<group>";
		};
		A482F7362085BBE700AA76A4 /* Models */ = {
			isa = PBXGroup;
			children = (
				A479F7122099DB2000556E10 /* Card.swift */,
				A479F7162099DB2100556E10 /* Currency.swift */,
				A479F7132099DB2100556E10 /* Customer.swift */,
				A479F7152099DB2100556E10 /* EmailAddress.swift */,
				A479F7172099DB2100556E10 /* Merchant.swift */,
				A479F7182099DB2100556E10 /* PaymentItem.swift */,
				A479F7142099DB2100556E10 /* PaymentOptionsRequest.swift */,
				A482F7372085BC0F00AA76A4 /* Charge.swift */,
				A482F7382085BC0F00AA76A4 /* CreateChargeRequest.swift */,
				A482F73D2085BC8900AA76A4 /* Redirect.swift */,
				A4B6E43620860AEA00078072 /* SDKSettings.swift */,
				A4B6E43A20860BFC00078072 /* SDKSettingsData.swift */,
				A482F7462085BDA900AA76A4 /* Source.swift */,
				A482F7392085BC1000AA76A4 /* UpdateChargeRequest.swift */,
				A482F75E2085DAD500AA76A4 /* Errors */,
				A4D5310E208A47C600830AD8 /* PaymentOption.swift */,
				A4D5311B208A4E4400830AD8 /* PaymentOptionsResponse.swift */,
				A4D53120208A54C400830AD8 /* ExtraFee.swift */,
			);
			path = Models;
			sourceTree = "<group>";
		};
		A482F7432085BD6600AA76A4 /* Enums */ = {
			isa = PBXGroup;
			children = (
				A4D53125208A565400830AD8 /* FeeType.swift */,
				A4C0FC59208CE9AB00C5FBC6 /* PaymentType.swift */,
				A4B6E43C20860CD800078072 /* Permissions.swift */,
				A4B6E43420860A0700078072 /* Route.swift */,
				A482F7442085BD7D00AA76A4 /* SourceIdentifier.swift */,
				A482F7562085D91A00AA76A4 /* TapSDKErrorType.swift */,
				A482F7542085D8D300AA76A4 /* TapSerializationError.swift */,
			);
			path = Enums;
			sourceTree = "<group>";
		};
		A482F7482085BE4700AA76A4 /* Protocols */ = {
			isa = PBXGroup;
			children = (
				A40F5FCF2085E73A001D6A9A /* SecureEncodable.swift */,
				A482F7492085BE7600AA76A4 /* Identifiable.swift */,
			);
			path = Protocols;
			sourceTree = "<group>";
		};
		A482F74D2085CEB000AA76A4 /* Client */ = {
			isa = PBXGroup;
			children = (
				A482F74E2085CED200AA76A4 /* APIClient.swift */,
				A482F7522085CEF000AA76A4 /* APIClient+Charges.swift */,
				A40F5FD32085F27D001D6A9A /* APIClient+Initialization.swift */,
				A4D53109208A46E700830AD8 /* APIClient+PaymentTypes.swift */,
			);
			path = Client;
			sourceTree = "<group>";
		};
		A482F75E2085DAD500AA76A4 /* Errors */ = {
			isa = PBXGroup;
			children = (
				A482F7672085DB6300AA76A4 /* APIError.swift */,
				A482F7692085DB9C00AA76A4 /* ErrorDetail.swift */,
				A482F75F2085DAF100AA76A4 /* TapSDKAPIError.swift */,
				A482F7602085DAF100AA76A4 /* TapSDKError.swift */,
				A482F7612085DAF100AA76A4 /* TapSDKKnownError.swift */,
				A482F7652085DB1300AA76A4 /* TapSDKUnknownError.swift */,
			);
			path = Errors;
			sourceTree = "<group>";
		};
		A482F76B2085DCD400AA76A4 /* Extensions */ = {
			isa = PBXGroup;
			children = (
				A482F76C2085DCF900AA76A4 /* CustomStringConvertible+goSellSDK.swift */,
				A482F76D2085DCF900AA76A4 /* Decodable+goSellSDK.swift */,
				A482F76E2085DCF900AA76A4 /* Encodable+goSellSDK.swift */,
			);
			path = Extensions;
			sourceTree = "<group>";
		};
		A482F7722085DD0C00AA76A4 /* Utils */ = {
			isa = PBXGroup;
			children = (
				A482F7732085DD3700AA76A4 /* Crypter.swift */,
				A482F7742085DD3800AA76A4 /* RSAUtils.swift */,
			);
			path = Utils;
			sourceTree = "<group>";
		};
		A4B6E43E2086264A00078072 /* Settings */ = {
			isa = PBXGroup;
			children = (
				A4B6E4412086279900078072 /* InitializationStatus.swift */,
				A4B6E43F2086265900078072 /* SettingsDataManager.swift */,
			);
			path = Settings;
			sourceTree = "<group>";
		};
		A4C0FC54208CE4F900C5FBC6 /* Data */ = {
			isa = PBXGroup;
			children = (
				A4C0FC55208CE50C00C5FBC6 /* PaymentDataManager.swift */,
			);
			path = Data;
			sourceTree = "<group>";
		};
		A4C0FC5D208CEBF300C5FBC6 /* View Models */ = {
			isa = PBXGroup;
			children = (
				A49107D3208F79BA007F446C /* CardInputTableViewCellModel+UICollectionView.swift */,
				A49107D4208F79BB007F446C /* ImageCollectionViewCellModel.swift */,
				A4C0FC68208CEE3F00C5FBC6 /* CardInputTableViewCellModel.swift */,
				A4C0FC75208CEED200C5FBC6 /* CellViewModel.swift */,
				A4752A1C208E09C9003118DB /* EmptyTableViewCellModel.swift */,
				A4C0FC60208CEC7900C5FBC6 /* GroupTableViewCellModel.swift */,
				A4C0FC5E208CEC4900C5FBC6 /* ViewModel.swift */,
				A4C0FC62208CED0C00C5FBC6 /* WebPaymentOptionTableViewCellModel.swift */,
			);
			path = "View Models";
			sourceTree = "<group>";
		};
		A4C0FC7C208CF42900C5FBC6 /* Protocols */ = {
			isa = PBXGroup;
			children = (
				A49107D9208F7A8F007F446C /* DynamicHeightCell.swift */,
				A4C0FC7D208CF44300C5FBC6 /* LoadingWithModelCell.swift */,
				A4C0FC8C208DFA2200C5FBC6 /* SingleCellModel.swift */,
				A4752A18208E042B003118DB /* StaticHeightCell.swift */,
			);
			path = Protocols;
			sourceTree = "<group>";
		};
		A4D5FE112082765C007D52F5 /* Controllers */ = {
			isa = PBXGroup;
			children = (
				A40DBCA32088C031005B170B /* PaymentContainerViewController.swift */,
				A40DBCA22088C031005B170B /* PaymentOptionsViewController.swift */,
				A40DBCA12088C031005B170B /* WebPaymentViewController.swift */,
				A4D5FE1220827680007D52F5 /* PaymentViewController.swift */,
			);
			path = Controllers;
			sourceTree = "<group>";
		};
		A4D5FE1A2083119D007D52F5 /* Extensions */ = {
			isa = PBXGroup;
			children = (
				A4D5FE1B208311B7007D52F5 /* UIStoryboard+Additions.swift */,
				A4D5FE1D208311FE007D52F5 /* Bundle+Additions.swift */,
			);
			path = Extensions;
			sourceTree = "<group>";
		};
		A4D5FE7520834B19007D52F5 /* Cells */ = {
			isa = PBXGroup;
			children = (
				A4752A33208EFF3C003118DB /* Collection View */,
				A4752A32208EFF2B003118DB /* Table View */,
			);
			path = Cells;
			sourceTree = "<group>";
		};
/* End PBXGroup section */

/* Begin PBXHeadersBuildPhase section */
		A40D32132031E6DE0030FDDE /* Headers */ = {
			isa = PBXHeadersBuildPhase;
			buildActionMask = 2147483647;
			files = (
				A40D32272031E6DE0030FDDE /* goSellSDK.h in Headers */,
			);
			runOnlyForDeploymentPostprocessing = 0;
		};
		A46CDF2D2042ABEE00EA38A5 /* Headers */ = {
			isa = PBXHeadersBuildPhase;
			buildActionMask = 2147483647;
			files = (
				A46CDF2E2042ABEE00EA38A5 /* goSellSDK.h in Headers */,
			);
			runOnlyForDeploymentPostprocessing = 0;
		};
/* End PBXHeadersBuildPhase section */

/* Begin PBXNativeTarget section */
		A40D32152031E6DE0030FDDE /* goSellSDK */ = {
			isa = PBXNativeTarget;
			buildConfigurationList = A40D322A2031E6DE0030FDDE /* Build configuration list for PBXNativeTarget "goSellSDK" */;
			buildPhases = (
				EAE64C280CF7B3D5EA90A459 /* [CP] Check Pods Manifest.lock */,
				A40D32112031E6DE0030FDDE /* Sources */,
				A40D32122031E6DE0030FDDE /* Frameworks */,
				A40D32132031E6DE0030FDDE /* Headers */,
				A40D32142031E6DE0030FDDE /* Resources */,
			);
			buildRules = (
			);
			dependencies = (
			);
			name = goSellSDK;
			productName = goSellSDK;
			productReference = A40D32162031E6DE0030FDDE /* goSellSDK.framework */;
			productType = "com.apple.product-type.framework";
		};
		A46CDF172042ABEE00EA38A5 /* goSellSDK_Carthage */ = {
			isa = PBXNativeTarget;
			buildConfigurationList = A46CDF312042ABEE00EA38A5 /* Build configuration list for PBXNativeTarget "goSellSDK_Carthage" */;
			buildPhases = (
				A46CDF192042ABEE00EA38A5 /* Sources */,
				A46CDF2A2042ABEE00EA38A5 /* Frameworks */,
				A46CDF2D2042ABEE00EA38A5 /* Headers */,
				A46CDF2F2042ABEE00EA38A5 /* Resources */,
			);
			buildRules = (
			);
			dependencies = (
			);
			name = goSellSDK_Carthage;
			productName = goSellSDK;
			productReference = A46CDF342042ABEE00EA38A5 /* goSellSDK.framework */;
			productType = "com.apple.product-type.framework";
		};
/* End PBXNativeTarget section */

/* Begin PBXProject section */
		A40D320D2031E6DE0030FDDE /* Project object */ = {
			isa = PBXProject;
			attributes = {
				LastSwiftUpdateCheck = 0930;
				LastUpgradeCheck = 0930;
				ORGANIZATIONNAME = "Tap Payments";
				TargetAttributes = {
					A40D32152031E6DE0030FDDE = {
						CreatedOnToolsVersion = 9.2;
						LastSwiftMigration = 0920;
						ProvisioningStyle = Automatic;
					};
					A46CDF172042ABEE00EA38A5 = {
						LastSwiftMigration = 0930;
						ProvisioningStyle = Automatic;
					};
				};
			};
			buildConfigurationList = A40D32102031E6DE0030FDDE /* Build configuration list for PBXProject "goSellSDK" */;
			compatibilityVersion = "Xcode 8.0";
			developmentRegion = en;
			hasScannedForEncodings = 0;
			knownRegions = (
				en,
				Base,
			);
			mainGroup = A40D320C2031E6DE0030FDDE;
			productRefGroup = A40D32172031E6DE0030FDDE /* Products */;
			projectDirPath = "";
			projectRoot = "";
			targets = (
				A40D32152031E6DE0030FDDE /* goSellSDK */,
				A46CDF172042ABEE00EA38A5 /* goSellSDK_Carthage */,
			);
		};
/* End PBXProject section */

/* Begin PBXResourcesBuildPhase section */
		A40D32142031E6DE0030FDDE /* Resources */ = {
			isa = PBXResourcesBuildPhase;
			buildActionMask = 2147483647;
			files = (
				A43ED42A2080CF870028C542 /* PayButton.xib in Resources */,
				A479F72B2099DB5E00556E10 /* LoadingImageView.xib in Resources */,
				A4D5FE1920830ECB007D52F5 /* Payment.storyboard in Resources */,
				A479F7292099DB5E00556E10 /* PayButtonUI.xib in Resources */,
			);
			runOnlyForDeploymentPostprocessing = 0;
		};
		A46CDF2F2042ABEE00EA38A5 /* Resources */ = {
			isa = PBXResourcesBuildPhase;
			buildActionMask = 2147483647;
			files = (
				A479F72A2099DB5E00556E10 /* PayButtonUI.xib in Resources */,
				A479F72C2099DB5E00556E10 /* LoadingImageView.xib in Resources */,
			);
			runOnlyForDeploymentPostprocessing = 0;
		};
/* End PBXResourcesBuildPhase section */

/* Begin PBXShellScriptBuildPhase section */
		EAE64C280CF7B3D5EA90A459 /* [CP] Check Pods Manifest.lock */ = {
			isa = PBXShellScriptBuildPhase;
			buildActionMask = 2147483647;
			files = (
			);
			inputPaths = (
				"${PODS_PODFILE_DIR_PATH}/Podfile.lock",
				"${PODS_ROOT}/Manifest.lock",
			);
			name = "[CP] Check Pods Manifest.lock";
			outputPaths = (
				"$(DERIVED_FILE_DIR)/Pods-goSellSDK-checkManifestLockResult.txt",
			);
			runOnlyForDeploymentPostprocessing = 0;
			shellPath = /bin/sh;
			shellScript = "diff \"${PODS_PODFILE_DIR_PATH}/Podfile.lock\" \"${PODS_ROOT}/Manifest.lock\" > /dev/null\nif [ $? != 0 ] ; then\n    # print error to STDERR\n    echo \"error: The sandbox is not in sync with the Podfile.lock. Run 'pod install' or update your CocoaPods installation.\" >&2\n    exit 1\nfi\n# This output is used by Xcode 'outputs' to avoid re-running this script phase.\necho \"SUCCESS\" > \"${SCRIPT_OUTPUT_FILE_0}\"\n";
			showEnvVarsInLog = 0;
		};
/* End PBXShellScriptBuildPhase section */

/* Begin PBXSourcesBuildPhase section */
		A40D32112031E6DE0030FDDE /* Sources */ = {
			isa = PBXSourcesBuildPhase;
			buildActionMask = 2147483647;
			files = (
				A4B6E43D20860CD800078072 /* Permissions.swift in Sources */,
				A4B6E4422086279900078072 /* InitializationStatus.swift in Sources */,
				A4C0FC8D208DFA2200C5FBC6 /* SingleCellModel.swift in Sources */,
				A4D5FE10208273FB007D52F5 /* PayButtonState.swift in Sources */,
				A482F7452085BD7D00AA76A4 /* SourceIdentifier.swift in Sources */,
				A482F73B2085BC1000AA76A4 /* CreateChargeRequest.swift in Sources */,
				A482F7712085DCF900AA76A4 /* Encodable+goSellSDK.swift in Sources */,
				A482F7642085DAF100AA76A4 /* TapSDKKnownError.swift in Sources */,
				A4D5310F208A47C600830AD8 /* PaymentOption.swift in Sources */,
				A4752A39208EFF5C003118DB /* EmptyTableViewCell.swift in Sources */,
				A482F7472085BDA900AA76A4 /* Source.swift in Sources */,
				A4C0FC76208CEED200C5FBC6 /* CellViewModel.swift in Sources */,
				A482F7552085D8D300AA76A4 /* TapSerializationError.swift in Sources */,
				A4C0FC63208CED0C00C5FBC6 /* WebPaymentOptionTableViewCellModel.swift in Sources */,
				A479F7232099DB2100556E10 /* Merchant.swift in Sources */,
				A4752A3D208EFF5C003118DB /* GroupTableViewCell.swift in Sources */,
				A4C0FC56208CE50C00C5FBC6 /* PaymentDataManager.swift in Sources */,
				A4D5FE1E208311FE007D52F5 /* Bundle+Additions.swift in Sources */,
				A4D5FE1C208311B7007D52F5 /* UIStoryboard+Additions.swift in Sources */,
				A4B6E43520860A0700078072 /* Route.swift in Sources */,
				A40DBCA42088C031005B170B /* WebPaymentViewController.swift in Sources */,
				A482F73A2085BC1000AA76A4 /* Charge.swift in Sources */,
				A4C0FC61208CEC7900C5FBC6 /* GroupTableViewCellModel.swift in Sources */,
				A479F7212099DB2100556E10 /* Currency.swift in Sources */,
				A49107D5208F79BB007F446C /* CardInputTableViewCellModel+UICollectionView.swift in Sources */,
				A482F76F2085DCF900AA76A4 /* CustomStringConvertible+goSellSDK.swift in Sources */,
				A482F7532085CEF000AA76A4 /* APIClient+Charges.swift in Sources */,
				A482F73C2085BC1000AA76A4 /* UpdateChargeRequest.swift in Sources */,
				A4752A1D208E09CA003118DB /* EmptyTableViewCellModel.swift in Sources */,
				A482F7622085DAF100AA76A4 /* TapSDKAPIError.swift in Sources */,
				A482F74A2085BE7600AA76A4 /* Identifiable.swift in Sources */,
				A482F73E2085BC8900AA76A4 /* Redirect.swift in Sources */,
				A4B6E4402086265900078072 /* SettingsDataManager.swift in Sources */,
				A4C0FC5F208CEC4900C5FBC6 /* ViewModel.swift in Sources */,
				A40DBCA92088C03F005B170B /* PaymentPresentationAnimationController.swift in Sources */,
				A40DBCA62088C031005B170B /* PaymentContainerViewController.swift in Sources */,
				A4D5FE1520830CB6007D52F5 /* PayButtonDelegate.swift in Sources */,
				A40F5FD42085F27D001D6A9A /* APIClient+Initialization.swift in Sources */,
				A482F7572085D91A00AA76A4 /* TapSDKErrorType.swift in Sources */,
				A479F71B2099DB2100556E10 /* Customer.swift in Sources */,
				A479F7192099DB2100556E10 /* Card.swift in Sources */,
				A482F76A2085DB9C00AA76A4 /* ErrorDetail.swift in Sources */,
				A482F7632085DAF100AA76A4 /* TapSDKError.swift in Sources */,
				A4D5FE1720830D8A007D52F5 /* PayButtonInternalImplementation.swift in Sources */,
				A4752A3B208EFF5C003118DB /* WebPaymentOptionTableViewCell.swift in Sources */,
				A482F7752085DD3800AA76A4 /* Crypter.swift in Sources */,
				A43ED4232080BD250028C542 /* PayButtonProtocol.swift in Sources */,
				A4C0FC69208CEE3F00C5FBC6 /* CardInputTableViewCellModel.swift in Sources */,
				A4752A3A208EFF5C003118DB /* CardInputTableViewCell.swift in Sources */,
				A40DBC9A2088B3FB005B170B /* PayButtonUI.swift in Sources */,
				A4D5310A208A46E700830AD8 /* APIClient+PaymentTypes.swift in Sources */,
				A482F73120853FF200AA76A4 /* goSellSDK.swift in Sources */,
				A4752A3F208EFF74003118DB /* ImageCollectionViewCell.swift in Sources */,
				A479F7252099DB2100556E10 /* PaymentItem.swift in Sources */,
				A482F7662085DB1300AA76A4 /* TapSDKUnknownError.swift in Sources */,
				A4D53126208A565400830AD8 /* FeeType.swift in Sources */,
				A4C0FC5A208CE9AB00C5FBC6 /* PaymentType.swift in Sources */,
				A4752A19208E042B003118DB /* StaticHeightCell.swift in Sources */,
				A43ED4272080CEDD0028C542 /* PayButton.swift in Sources */,
				A479F71F2099DB2100556E10 /* EmailAddress.swift in Sources */,
				A40DBCA02088C029005B170B /* PayButtonUIDelegate.swift in Sources */,
				A4B6E43720860AEA00078072 /* SDKSettings.swift in Sources */,
				A40DBCA52088C031005B170B /* PaymentOptionsViewController.swift in Sources */,
				A49107DA208F7A8F007F446C /* DynamicHeightCell.swift in Sources */,
				A4D5FE1320827680007D52F5 /* PaymentViewController.swift in Sources */,
				A40F5FD02085E73A001D6A9A /* SecureEncodable.swift in Sources */,
				A482F7702085DCF900AA76A4 /* Decodable+goSellSDK.swift in Sources */,
				A49107D7208F79BB007F446C /* ImageCollectionViewCellModel.swift in Sources */,
				A482F7502085CED200AA76A4 /* APIClient.swift in Sources */,
				A479F71D2099DB2100556E10 /* PaymentOptionsRequest.swift in Sources */,
				A4D5311C208A4E4400830AD8 /* PaymentOptionsResponse.swift in Sources */,
				A482F7762085DD3800AA76A4 /* RSAUtils.swift in Sources */,
				A4D53121208A54C400830AD8 /* ExtraFee.swift in Sources */,
				A4B6E43B20860BFC00078072 /* SDKSettingsData.swift in Sources */,
				A482F7682085DB6300AA76A4 /* APIError.swift in Sources */,
				A4C0FC7E208CF44300C5FBC6 /* LoadingWithModelCell.swift in Sources */,
			);
			runOnlyForDeploymentPostprocessing = 0;
		};
		A46CDF192042ABEE00EA38A5 /* Sources */ = {
			isa = PBXSourcesBuildPhase;
			buildActionMask = 2147483647;
			files = (
				A49107DB208F7A8F007F446C /* DynamicHeightCell.swift in Sources */,
				A479F7242099DB2100556E10 /* Merchant.swift in Sources */,
				A479F71C2099DB2100556E10 /* Customer.swift in Sources */,
				A479F71A2099DB2100556E10 /* Card.swift in Sources */,
				A479F7202099DB2100556E10 /* EmailAddress.swift in Sources */,
				A4D5310B208A46E700830AD8 /* APIClient+PaymentTypes.swift in Sources */,
				A4D53127208A565400830AD8 /* FeeType.swift in Sources */,
				A4D5311D208A4E4400830AD8 /* PaymentOptionsResponse.swift in Sources */,
				A4D53110208A47C600830AD8 /* PaymentOption.swift in Sources */,
				A479F7222099DB2100556E10 /* Currency.swift in Sources */,
				A49107D8208F79BB007F446C /* ImageCollectionViewCellModel.swift in Sources */,
				A4D53122208A54C400830AD8 /* ExtraFee.swift in Sources */,
				A49107D6208F79BB007F446C /* CardInputTableViewCellModel+UICollectionView.swift in Sources */,
				A479F71E2099DB2100556E10 /* PaymentOptionsRequest.swift in Sources */,
				A479F7262099DB2100556E10 /* PaymentItem.swift in Sources */,
			);
			runOnlyForDeploymentPostprocessing = 0;
		};
/* End PBXSourcesBuildPhase section */

/* Begin XCBuildConfiguration section */
		A40D32282031E6DE0030FDDE /* Debug */ = {
			isa = XCBuildConfiguration;
			buildSettings = {
				ALWAYS_SEARCH_USER_PATHS = NO;
				CLANG_ANALYZER_NONNULL = YES;
				CLANG_ANALYZER_NUMBER_OBJECT_CONVERSION = YES_AGGRESSIVE;
				CLANG_CXX_LANGUAGE_STANDARD = "gnu++14";
				CLANG_CXX_LIBRARY = "libc++";
				CLANG_ENABLE_MODULES = YES;
				CLANG_ENABLE_OBJC_ARC = YES;
				CLANG_WARN_BLOCK_CAPTURE_AUTORELEASING = YES;
				CLANG_WARN_BOOL_CONVERSION = YES;
				CLANG_WARN_COMMA = YES;
				CLANG_WARN_CONSTANT_CONVERSION = YES;
				CLANG_WARN_DEPRECATED_OBJC_IMPLEMENTATIONS = YES;
				CLANG_WARN_DIRECT_OBJC_ISA_USAGE = YES_ERROR;
				CLANG_WARN_DOCUMENTATION_COMMENTS = YES;
				CLANG_WARN_EMPTY_BODY = YES;
				CLANG_WARN_ENUM_CONVERSION = YES;
				CLANG_WARN_INFINITE_RECURSION = YES;
				CLANG_WARN_INT_CONVERSION = YES;
				CLANG_WARN_NON_LITERAL_NULL_CONVERSION = YES;
				CLANG_WARN_OBJC_IMPLICIT_RETAIN_SELF = YES;
				CLANG_WARN_OBJC_LITERAL_CONVERSION = YES;
				CLANG_WARN_OBJC_ROOT_CLASS = YES_ERROR;
				CLANG_WARN_RANGE_LOOP_ANALYSIS = YES;
				CLANG_WARN_STRICT_PROTOTYPES = YES;
				CLANG_WARN_SUSPICIOUS_MOVE = YES;
				CLANG_WARN_UNGUARDED_AVAILABILITY = YES_AGGRESSIVE;
				CLANG_WARN_UNREACHABLE_CODE = YES;
				CLANG_WARN__DUPLICATE_METHOD_MATCH = YES;
				CODE_SIGN_IDENTITY = "iPhone Developer";
				COPY_PHASE_STRIP = NO;
				CURRENT_PROJECT_VERSION = 1;
				DEBUG_INFORMATION_FORMAT = dwarf;
				ENABLE_STRICT_OBJC_MSGSEND = YES;
				ENABLE_TESTABILITY = YES;
				GCC_C_LANGUAGE_STANDARD = gnu11;
				GCC_DYNAMIC_NO_PIC = NO;
				GCC_NO_COMMON_BLOCKS = YES;
				GCC_OPTIMIZATION_LEVEL = 0;
				GCC_PREPROCESSOR_DEFINITIONS = (
					"DEBUG=1",
					"$(inherited)",
				);
				GCC_WARN_64_TO_32_BIT_CONVERSION = YES;
				GCC_WARN_ABOUT_RETURN_TYPE = YES_ERROR;
				GCC_WARN_UNDECLARED_SELECTOR = YES;
				GCC_WARN_UNINITIALIZED_AUTOS = YES_AGGRESSIVE;
				GCC_WARN_UNUSED_FUNCTION = YES;
				GCC_WARN_UNUSED_VARIABLE = YES;
				IPHONEOS_DEPLOYMENT_TARGET = 8.0;
				MTL_ENABLE_DEBUG_INFO = YES;
				ONLY_ACTIVE_ARCH = YES;
				SDKROOT = iphoneos;
				SWIFT_ACTIVE_COMPILATION_CONDITIONS = DEBUG;
				SWIFT_OPTIMIZATION_LEVEL = "-Onone";
				SWIFT_VERSION = 4.0;
				VERSIONING_SYSTEM = "apple-generic";
				VERSION_INFO_PREFIX = "";
			};
			name = Debug;
		};
		A40D32292031E6DE0030FDDE /* Release */ = {
			isa = XCBuildConfiguration;
			buildSettings = {
				ALWAYS_SEARCH_USER_PATHS = NO;
				CLANG_ANALYZER_NONNULL = YES;
				CLANG_ANALYZER_NUMBER_OBJECT_CONVERSION = YES_AGGRESSIVE;
				CLANG_CXX_LANGUAGE_STANDARD = "gnu++14";
				CLANG_CXX_LIBRARY = "libc++";
				CLANG_ENABLE_MODULES = YES;
				CLANG_ENABLE_OBJC_ARC = YES;
				CLANG_WARN_BLOCK_CAPTURE_AUTORELEASING = YES;
				CLANG_WARN_BOOL_CONVERSION = YES;
				CLANG_WARN_COMMA = YES;
				CLANG_WARN_CONSTANT_CONVERSION = YES;
				CLANG_WARN_DEPRECATED_OBJC_IMPLEMENTATIONS = YES;
				CLANG_WARN_DIRECT_OBJC_ISA_USAGE = YES_ERROR;
				CLANG_WARN_DOCUMENTATION_COMMENTS = YES;
				CLANG_WARN_EMPTY_BODY = YES;
				CLANG_WARN_ENUM_CONVERSION = YES;
				CLANG_WARN_INFINITE_RECURSION = YES;
				CLANG_WARN_INT_CONVERSION = YES;
				CLANG_WARN_NON_LITERAL_NULL_CONVERSION = YES;
				CLANG_WARN_OBJC_IMPLICIT_RETAIN_SELF = YES;
				CLANG_WARN_OBJC_LITERAL_CONVERSION = YES;
				CLANG_WARN_OBJC_ROOT_CLASS = YES_ERROR;
				CLANG_WARN_RANGE_LOOP_ANALYSIS = YES;
				CLANG_WARN_STRICT_PROTOTYPES = YES;
				CLANG_WARN_SUSPICIOUS_MOVE = YES;
				CLANG_WARN_UNGUARDED_AVAILABILITY = YES_AGGRESSIVE;
				CLANG_WARN_UNREACHABLE_CODE = YES;
				CLANG_WARN__DUPLICATE_METHOD_MATCH = YES;
				CODE_SIGN_IDENTITY = "iPhone Developer";
				COPY_PHASE_STRIP = NO;
				CURRENT_PROJECT_VERSION = 1;
				DEBUG_INFORMATION_FORMAT = "dwarf-with-dsym";
				ENABLE_NS_ASSERTIONS = NO;
				ENABLE_STRICT_OBJC_MSGSEND = YES;
				GCC_C_LANGUAGE_STANDARD = gnu11;
				GCC_NO_COMMON_BLOCKS = YES;
				GCC_WARN_64_TO_32_BIT_CONVERSION = YES;
				GCC_WARN_ABOUT_RETURN_TYPE = YES_ERROR;
				GCC_WARN_UNDECLARED_SELECTOR = YES;
				GCC_WARN_UNINITIALIZED_AUTOS = YES_AGGRESSIVE;
				GCC_WARN_UNUSED_FUNCTION = YES;
				GCC_WARN_UNUSED_VARIABLE = YES;
				IPHONEOS_DEPLOYMENT_TARGET = 8.0;
				MTL_ENABLE_DEBUG_INFO = NO;
				SDKROOT = iphoneos;
				SWIFT_OPTIMIZATION_LEVEL = "-Owholemodule";
				SWIFT_VERSION = 4.0;
				VALIDATE_PRODUCT = YES;
				VERSIONING_SYSTEM = "apple-generic";
				VERSION_INFO_PREFIX = "";
			};
			name = Release;
		};
		A40D322B2031E6DE0030FDDE /* Debug */ = {
			isa = XCBuildConfiguration;
			baseConfigurationReference = CF65A0C457E3C3D928DEE7AB /* Pods-goSellSDK.debug.xcconfig */;
			buildSettings = {
				CLANG_ENABLE_MODULES = YES;
				CODE_SIGN_IDENTITY = "";
				CODE_SIGN_STYLE = Automatic;
				DEFINES_MODULE = YES;
				DEVELOPMENT_TEAM = G46S76PUH4;
				DYLIB_COMPATIBILITY_VERSION = 1;
				DYLIB_CURRENT_VERSION = 1;
				DYLIB_INSTALL_NAME_BASE = "@rpath";
				FRAMEWORK_SEARCH_PATHS = "$(inherited)";
				INFOPLIST_FILE = goSellSDK/Info.plist;
				INSTALL_PATH = "$(LOCAL_LIBRARY_DIR)/Frameworks";
				IPHONEOS_DEPLOYMENT_TARGET = 8.0;
				LD_RUNPATH_SEARCH_PATHS = "$(inherited) @executable_path/Frameworks @loader_path/Frameworks";
				PRODUCT_BUNDLE_IDENTIFIER = company.tap.goSellSDK;
				PRODUCT_NAME = "$(TARGET_NAME:c99extidentifier)";
				SKIP_INSTALL = YES;
				SWIFT_OPTIMIZATION_LEVEL = "-Onone";
				SWIFT_VERSION = 4.0;
				TARGETED_DEVICE_FAMILY = "1,2";
			};
			name = Debug;
		};
		A40D322C2031E6DE0030FDDE /* Release */ = {
			isa = XCBuildConfiguration;
			baseConfigurationReference = 16A38A8831C7BCCD73B43B9E /* Pods-goSellSDK.release.xcconfig */;
			buildSettings = {
				CLANG_ENABLE_MODULES = YES;
				CODE_SIGN_IDENTITY = "";
				CODE_SIGN_STYLE = Automatic;
				DEFINES_MODULE = YES;
				DEVELOPMENT_TEAM = G46S76PUH4;
				DYLIB_COMPATIBILITY_VERSION = 1;
				DYLIB_CURRENT_VERSION = 1;
				DYLIB_INSTALL_NAME_BASE = "@rpath";
				FRAMEWORK_SEARCH_PATHS = "$(inherited)";
				INFOPLIST_FILE = goSellSDK/Info.plist;
				INSTALL_PATH = "$(LOCAL_LIBRARY_DIR)/Frameworks";
				IPHONEOS_DEPLOYMENT_TARGET = 8.0;
				LD_RUNPATH_SEARCH_PATHS = "$(inherited) @executable_path/Frameworks @loader_path/Frameworks";
				PRODUCT_BUNDLE_IDENTIFIER = company.tap.goSellSDK;
				PRODUCT_NAME = "$(TARGET_NAME:c99extidentifier)";
				SKIP_INSTALL = YES;
				SWIFT_VERSION = 4.0;
				TARGETED_DEVICE_FAMILY = "1,2";
			};
			name = Release;
		};
		A46CDF322042ABEE00EA38A5 /* Debug */ = {
			isa = XCBuildConfiguration;
			buildSettings = {
				CLANG_ENABLE_MODULES = YES;
				CODE_SIGN_IDENTITY = "";
				CODE_SIGN_STYLE = Automatic;
				DEFINES_MODULE = YES;
				DEVELOPMENT_TEAM = G46S76PUH4;
				DYLIB_COMPATIBILITY_VERSION = 1;
				DYLIB_CURRENT_VERSION = 1;
				DYLIB_INSTALL_NAME_BASE = "@rpath";
				FRAMEWORK_SEARCH_PATHS = (
					"$(inherited)",
					"$(PROJECT_DIR)/goSellSDK/Crypter",
					"$(PROJECT_DIR)/Carthage/Build/iOS",
				);
				INFOPLIST_FILE = "$(SRCROOT)/goSellSDK/Info.plist";
				INSTALL_PATH = "$(LOCAL_LIBRARY_DIR)/Frameworks";
				IPHONEOS_DEPLOYMENT_TARGET = 8.0;
				LD_RUNPATH_SEARCH_PATHS = "$(inherited) @executable_path/Frameworks @loader_path/Frameworks";
				PRODUCT_BUNDLE_IDENTIFIER = company.tap.goSellSDK;
				PRODUCT_NAME = goSellSDK;
				SKIP_INSTALL = YES;
				SWIFT_OPTIMIZATION_LEVEL = "-Onone";
				SWIFT_VERSION = 4.0;
				TARGETED_DEVICE_FAMILY = "1,2";
			};
			name = Debug;
		};
		A46CDF332042ABEE00EA38A5 /* Release */ = {
			isa = XCBuildConfiguration;
			buildSettings = {
				CLANG_ENABLE_MODULES = YES;
				CODE_SIGN_IDENTITY = "";
				CODE_SIGN_STYLE = Automatic;
				DEFINES_MODULE = YES;
				DEVELOPMENT_TEAM = G46S76PUH4;
				DYLIB_COMPATIBILITY_VERSION = 1;
				DYLIB_CURRENT_VERSION = 1;
				DYLIB_INSTALL_NAME_BASE = "@rpath";
				FRAMEWORK_SEARCH_PATHS = (
					"$(inherited)",
					"$(PROJECT_DIR)/goSellSDK/Crypter",
					"$(PROJECT_DIR)/Carthage/Build/iOS",
				);
				INFOPLIST_FILE = "$(SRCROOT)/goSellSDK/Info.plist";
				INSTALL_PATH = "$(LOCAL_LIBRARY_DIR)/Frameworks";
				IPHONEOS_DEPLOYMENT_TARGET = 8.0;
				LD_RUNPATH_SEARCH_PATHS = "$(inherited) @executable_path/Frameworks @loader_path/Frameworks";
				PRODUCT_BUNDLE_IDENTIFIER = company.tap.goSellSDK;
				PRODUCT_NAME = goSellSDK;
				SKIP_INSTALL = YES;
				SWIFT_VERSION = 4.0;
				TARGETED_DEVICE_FAMILY = "1,2";
			};
			name = Release;
		};
/* End XCBuildConfiguration section */

/* Begin XCConfigurationList section */
		A40D32102031E6DE0030FDDE /* Build configuration list for PBXProject "goSellSDK" */ = {
			isa = XCConfigurationList;
			buildConfigurations = (
				A40D32282031E6DE0030FDDE /* Debug */,
				A40D32292031E6DE0030FDDE /* Release */,
			);
			defaultConfigurationIsVisible = 0;
			defaultConfigurationName = Release;
		};
		A40D322A2031E6DE0030FDDE /* Build configuration list for PBXNativeTarget "goSellSDK" */ = {
			isa = XCConfigurationList;
			buildConfigurations = (
				A40D322B2031E6DE0030FDDE /* Debug */,
				A40D322C2031E6DE0030FDDE /* Release */,
			);
			defaultConfigurationIsVisible = 0;
			defaultConfigurationName = Release;
		};
		A46CDF312042ABEE00EA38A5 /* Build configuration list for PBXNativeTarget "goSellSDK_Carthage" */ = {
			isa = XCConfigurationList;
			buildConfigurations = (
				A46CDF322042ABEE00EA38A5 /* Debug */,
				A46CDF332042ABEE00EA38A5 /* Release */,
			);
			defaultConfigurationIsVisible = 0;
			defaultConfigurationName = Release;
		};
/* End XCConfigurationList section */
	};
	rootObject = A40D320D2031E6DE0030FDDE /* Project object */;
}
