// !$*UTF8*$!
{
	archiveVersion = 1;
	classes = {
	};
	objectVersion = 48;
	objects = {

/* Begin PBXBuildFile section */
		003DD09521A3011E5BFC2066 /* Pods_goSellSDK.framework in Frameworks */ = {isa = PBXBuildFile; fileRef = 7098547858414DC9D21839CA /* Pods_goSellSDK.framework */; };
		A40D32272031E6DE0030FDDE /* goSellSDK.h in Headers */ = {isa = PBXBuildFile; fileRef = A40D32192031E6DE0030FDDE /* goSellSDK.h */; settings = {ATTRIBUTES = (Public, ); }; };
		A4361FFB20BC0C21002E102A /* DeleteCustomerResponse.swift in Sources */ = {isa = PBXBuildFile; fileRef = A4361FF720BC0C21002E102A /* DeleteCustomerResponse.swift */; };
		A4361FFC20BC0C21002E102A /* DeleteCustomerResponse.swift in Sources */ = {isa = PBXBuildFile; fileRef = A4361FF720BC0C21002E102A /* DeleteCustomerResponse.swift */; };
		A4361FFD20BC0C21002E102A /* UpdateCustomerRequest.swift in Sources */ = {isa = PBXBuildFile; fileRef = A4361FF820BC0C21002E102A /* UpdateCustomerRequest.swift */; };
		A4361FFE20BC0C21002E102A /* UpdateCustomerRequest.swift in Sources */ = {isa = PBXBuildFile; fileRef = A4361FF820BC0C21002E102A /* UpdateCustomerRequest.swift */; };
		A4361FFF20BC0C21002E102A /* Customer.swift in Sources */ = {isa = PBXBuildFile; fileRef = A4361FF920BC0C21002E102A /* Customer.swift */; };
		A436200020BC0C21002E102A /* Customer.swift in Sources */ = {isa = PBXBuildFile; fileRef = A4361FF920BC0C21002E102A /* Customer.swift */; };
		A436200120BC0C21002E102A /* CreateCustomerRequest.swift in Sources */ = {isa = PBXBuildFile; fileRef = A4361FFA20BC0C21002E102A /* CreateCustomerRequest.swift */; };
		A436200220BC0C21002E102A /* CreateCustomerRequest.swift in Sources */ = {isa = PBXBuildFile; fileRef = A4361FFA20BC0C21002E102A /* CreateCustomerRequest.swift */; };
		A436200420BC0C29002E102A /* CustomersClient.swift in Sources */ = {isa = PBXBuildFile; fileRef = A436200320BC0C29002E102A /* CustomersClient.swift */; };
		A436200520BC0C29002E102A /* CustomersClient.swift in Sources */ = {isa = PBXBuildFile; fileRef = A436200320BC0C29002E102A /* CustomersClient.swift */; };
		A45A5B9F204545A5000D7805 /* CustomStringConvertible+goSellSDK.swift in Sources */ = {isa = PBXBuildFile; fileRef = A45A5B9E204545A5000D7805 /* CustomStringConvertible+goSellSDK.swift */; };
		A46403BE2089BCD8002F3A21 /* RSAUtils.swift in Sources */ = {isa = PBXBuildFile; fileRef = A46403BD2089BCD8002F3A21 /* RSAUtils.swift */; };
		A46403BF2089BE41002F3A21 /* CustomStringConvertible+goSellSDK.swift in Sources */ = {isa = PBXBuildFile; fileRef = A45A5B9E204545A5000D7805 /* CustomStringConvertible+goSellSDK.swift */; };
		A46403C02089BE50002F3A21 /* RSAUtils.swift in Sources */ = {isa = PBXBuildFile; fileRef = A46403BD2089BCD8002F3A21 /* RSAUtils.swift */; };
		A46CDF1A2042ABEE00EA38A5 /* CreateTokenRequest.swift in Sources */ = {isa = PBXBuildFile; fileRef = A4D1B087203C1A97007E7711 /* CreateTokenRequest.swift */; };
		A46CDF1B2042ABEE00EA38A5 /* Token.swift in Sources */ = {isa = PBXBuildFile; fileRef = A4D1B088203C1A97007E7711 /* Token.swift */; };
		A46CDF1C2042ABEE00EA38A5 /* UpdateChargeRequest.swift in Sources */ = {isa = PBXBuildFile; fileRef = A4D1B08F203C1A97007E7711 /* UpdateChargeRequest.swift */; };
		A46CDF1D2042ABEE00EA38A5 /* Response.swift in Sources */ = {isa = PBXBuildFile; fileRef = A4D1B0D8203C3FB7007E7711 /* Response.swift */; };
		A46CDF1E2042ABEE00EA38A5 /* Client.swift in Sources */ = {isa = PBXBuildFile; fileRef = A4D1B0B0203C1A98007E7711 /* Client.swift */; };
		A46CDF1F2042ABEE00EA38A5 /* Charge.swift in Sources */ = {isa = PBXBuildFile; fileRef = A4D1B08E203C1A97007E7711 /* Charge.swift */; };
		A46CDF202042ABEE00EA38A5 /* ChargeClient.swift in Sources */ = {isa = PBXBuildFile; fileRef = A4D1B091203C1A97007E7711 /* ChargeClient.swift */; };
		A46CDF212042ABEE00EA38A5 /* SecureEncodable.swift in Sources */ = {isa = PBXBuildFile; fileRef = A4D1B0B6203C1A98007E7711 /* SecureEncodable.swift */; };
		A46CDF222042ABEE00EA38A5 /* Encodable+goSellSDK.swift in Sources */ = {isa = PBXBuildFile; fileRef = A4D1B0AE203C1A98007E7711 /* Encodable+goSellSDK.swift */; };
		A46CDF232042ABEE00EA38A5 /* goSellSDK.swift in Sources */ = {isa = PBXBuildFile; fileRef = A4D1B0AA203C1A98007E7711 /* goSellSDK.swift */; };
		A46CDF242042ABEE00EA38A5 /* TokenClient.swift in Sources */ = {isa = PBXBuildFile; fileRef = A4D1B08A203C1A97007E7711 /* TokenClient.swift */; };
		A46CDF252042ABEE00EA38A5 /* CreateChargeRequest.swift in Sources */ = {isa = PBXBuildFile; fileRef = A4D1B08D203C1A97007E7711 /* CreateChargeRequest.swift */; };
		A46CDF262042ABEE00EA38A5 /* Crypter.swift in Sources */ = {isa = PBXBuildFile; fileRef = A4D1B0B4203C1A98007E7711 /* Crypter.swift */; };
		A46CDF272042ABEE00EA38A5 /* TapError.swift in Sources */ = {isa = PBXBuildFile; fileRef = A4D1B0AC203C1A98007E7711 /* TapError.swift */; };
		A46CDF282042ABEE00EA38A5 /* Identifiable.swift in Sources */ = {isa = PBXBuildFile; fileRef = A4D1B0B2203C1A98007E7711 /* Identifiable.swift */; };
		A46CDF292042ABEE00EA38A5 /* Decodable+goSellSDK.swift in Sources */ = {isa = PBXBuildFile; fileRef = A4D1B0AF203C1A98007E7711 /* Decodable+goSellSDK.swift */; };
		A46CDF2E2042ABEE00EA38A5 /* goSellSDK.h in Headers */ = {isa = PBXBuildFile; fileRef = A40D32192031E6DE0030FDDE /* goSellSDK.h */; settings = {ATTRIBUTES = (Public, ); }; };
		A4A3F65420BC38840094F529 /* Card.swift in Sources */ = {isa = PBXBuildFile; fileRef = A4A3F64E20BC38830094F529 /* Card.swift */; };
		A4A3F65520BC38840094F529 /* Card.swift in Sources */ = {isa = PBXBuildFile; fileRef = A4A3F64E20BC38830094F529 /* Card.swift */; };
		A4A3F65620BC38840094F529 /* RetrieveCardsResponse.swift in Sources */ = {isa = PBXBuildFile; fileRef = A4A3F64F20BC38830094F529 /* RetrieveCardsResponse.swift */; };
		A4A3F65720BC38840094F529 /* RetrieveCardsResponse.swift in Sources */ = {isa = PBXBuildFile; fileRef = A4A3F64F20BC38830094F529 /* RetrieveCardsResponse.swift */; };
		A4A3F65820BC38840094F529 /* CreateCardRequest.swift in Sources */ = {isa = PBXBuildFile; fileRef = A4A3F65020BC38830094F529 /* CreateCardRequest.swift */; };
		A4A3F65920BC38840094F529 /* CreateCardRequest.swift in Sources */ = {isa = PBXBuildFile; fileRef = A4A3F65020BC38830094F529 /* CreateCardRequest.swift */; };
		A4A3F65A20BC38840094F529 /* DeleteCardResponse.swift in Sources */ = {isa = PBXBuildFile; fileRef = A4A3F65120BC38830094F529 /* DeleteCardResponse.swift */; };
		A4A3F65B20BC38840094F529 /* DeleteCardResponse.swift in Sources */ = {isa = PBXBuildFile; fileRef = A4A3F65120BC38830094F529 /* DeleteCardResponse.swift */; };
		A4A3F65C20BC38840094F529 /* CardClient.swift in Sources */ = {isa = PBXBuildFile; fileRef = A4A3F65320BC38830094F529 /* CardClient.swift */; };
		A4A3F65D20BC38840094F529 /* CardClient.swift in Sources */ = {isa = PBXBuildFile; fileRef = A4A3F65320BC38830094F529 /* CardClient.swift */; };
		A4D1B0B7203C1A98007E7711 /* CreateTokenRequest.swift in Sources */ = {isa = PBXBuildFile; fileRef = A4D1B087203C1A97007E7711 /* CreateTokenRequest.swift */; };
		A4D1B0B8203C1A98007E7711 /* Token.swift in Sources */ = {isa = PBXBuildFile; fileRef = A4D1B088203C1A97007E7711 /* Token.swift */; };
		A4D1B0B9203C1A98007E7711 /* TokenClient.swift in Sources */ = {isa = PBXBuildFile; fileRef = A4D1B08A203C1A97007E7711 /* TokenClient.swift */; };
		A4D1B0BA203C1A98007E7711 /* CreateChargeRequest.swift in Sources */ = {isa = PBXBuildFile; fileRef = A4D1B08D203C1A97007E7711 /* CreateChargeRequest.swift */; };
		A4D1B0BB203C1A98007E7711 /* Charge.swift in Sources */ = {isa = PBXBuildFile; fileRef = A4D1B08E203C1A97007E7711 /* Charge.swift */; };
		A4D1B0BC203C1A98007E7711 /* UpdateChargeRequest.swift in Sources */ = {isa = PBXBuildFile; fileRef = A4D1B08F203C1A97007E7711 /* UpdateChargeRequest.swift */; };
		A4D1B0BD203C1A98007E7711 /* ChargeClient.swift in Sources */ = {isa = PBXBuildFile; fileRef = A4D1B091203C1A97007E7711 /* ChargeClient.swift */; };
		A4D1B0CC203C1A98007E7711 /* goSellSDK.swift in Sources */ = {isa = PBXBuildFile; fileRef = A4D1B0AA203C1A98007E7711 /* goSellSDK.swift */; };
		A4D1B0CD203C1A98007E7711 /* TapError.swift in Sources */ = {isa = PBXBuildFile; fileRef = A4D1B0AC203C1A98007E7711 /* TapError.swift */; };
		A4D1B0CE203C1A98007E7711 /* Encodable+goSellSDK.swift in Sources */ = {isa = PBXBuildFile; fileRef = A4D1B0AE203C1A98007E7711 /* Encodable+goSellSDK.swift */; };
		A4D1B0CF203C1A98007E7711 /* Decodable+goSellSDK.swift in Sources */ = {isa = PBXBuildFile; fileRef = A4D1B0AF203C1A98007E7711 /* Decodable+goSellSDK.swift */; };
		A4D1B0D0203C1A98007E7711 /* Client.swift in Sources */ = {isa = PBXBuildFile; fileRef = A4D1B0B0203C1A98007E7711 /* Client.swift */; };
		A4D1B0D1203C1A98007E7711 /* Identifiable.swift in Sources */ = {isa = PBXBuildFile; fileRef = A4D1B0B2203C1A98007E7711 /* Identifiable.swift */; };
		A4D1B0D2203C1A98007E7711 /* Crypter.swift in Sources */ = {isa = PBXBuildFile; fileRef = A4D1B0B4203C1A98007E7711 /* Crypter.swift */; };
		A4D1B0D4203C1A98007E7711 /* SecureEncodable.swift in Sources */ = {isa = PBXBuildFile; fileRef = A4D1B0B6203C1A98007E7711 /* SecureEncodable.swift */; };
		A4D1B0D9203C3FB7007E7711 /* Response.swift in Sources */ = {isa = PBXBuildFile; fileRef = A4D1B0D8203C3FB7007E7711 /* Response.swift */; };
		A4F0AFDC20A593B00051A264 /* BINClient.swift in Sources */ = {isa = PBXBuildFile; fileRef = A4F0AFDB20A593B00051A264 /* BINClient.swift */; };
		A4F0AFDD20A593B00051A264 /* BINClient.swift in Sources */ = {isa = PBXBuildFile; fileRef = A4F0AFDB20A593B00051A264 /* BINClient.swift */; };
		A4F0AFE020A594DD0051A264 /* BINResponse.swift in Sources */ = {isa = PBXBuildFile; fileRef = A4F0AFDF20A594DD0051A264 /* BINResponse.swift */; };
		A4F0AFE120A594DD0051A264 /* BINResponse.swift in Sources */ = {isa = PBXBuildFile; fileRef = A4F0AFDF20A594DD0051A264 /* BINResponse.swift */; };
/* End PBXBuildFile section */

/* Begin PBXFileReference section */
		47549B974FA706C53039E1B0 /* Pods-goSellSDK.debug.xcconfig */ = {isa = PBXFileReference; includeInIndex = 1; lastKnownFileType = text.xcconfig; name = "Pods-goSellSDK.debug.xcconfig"; path = "Pods/Target Support Files/Pods-goSellSDK/Pods-goSellSDK.debug.xcconfig"; sourceTree = "<group>"; };
		4E5EECF3913773CD760D6C6B /* Pods-goSellSDK.release.xcconfig */ = {isa = PBXFileReference; includeInIndex = 1; lastKnownFileType = text.xcconfig; name = "Pods-goSellSDK.release.xcconfig"; path = "Pods/Target Support Files/Pods-goSellSDK/Pods-goSellSDK.release.xcconfig"; sourceTree = "<group>"; };
		7098547858414DC9D21839CA /* Pods_goSellSDK.framework */ = {isa = PBXFileReference; explicitFileType = wrapper.framework; includeInIndex = 0; path = Pods_goSellSDK.framework; sourceTree = BUILT_PRODUCTS_DIR; };
		8A4CD584AEB98A50A75AB94A /* Pods_goSellSDKTests.framework */ = {isa = PBXFileReference; explicitFileType = wrapper.framework; includeInIndex = 0; path = Pods_goSellSDKTests.framework; sourceTree = BUILT_PRODUCTS_DIR; };
		A40D32162031E6DE0030FDDE /* goSellSDK.framework */ = {isa = PBXFileReference; explicitFileType = wrapper.framework; includeInIndex = 0; path = goSellSDK.framework; sourceTree = BUILT_PRODUCTS_DIR; };
		A40D32192031E6DE0030FDDE /* goSellSDK.h */ = {isa = PBXFileReference; lastKnownFileType = sourcecode.c.h; path = goSellSDK.h; sourceTree = "<group>"; };
		A40D321A2031E6DE0030FDDE /* Info.plist */ = {isa = PBXFileReference; lastKnownFileType = text.plist.xml; path = Info.plist; sourceTree = "<group>"; };
		A4118B82203AD845003415C2 /* goSellSDK.podspec */ = {isa = PBXFileReference; fileEncoding = 4; lastKnownFileType = text; path = goSellSDK.podspec; sourceTree = "<group>"; xcLanguageSpecificationIdentifier = xcode.lang.ruby; };
		A4361FF720BC0C21002E102A /* DeleteCustomerResponse.swift */ = {isa = PBXFileReference; fileEncoding = 4; lastKnownFileType = sourcecode.swift; path = DeleteCustomerResponse.swift; sourceTree = "<group>"; };
		A4361FF820BC0C21002E102A /* UpdateCustomerRequest.swift */ = {isa = PBXFileReference; fileEncoding = 4; lastKnownFileType = sourcecode.swift; path = UpdateCustomerRequest.swift; sourceTree = "<group>"; };
		A4361FF920BC0C21002E102A /* Customer.swift */ = {isa = PBXFileReference; fileEncoding = 4; lastKnownFileType = sourcecode.swift; path = Customer.swift; sourceTree = "<group>"; };
		A4361FFA20BC0C21002E102A /* CreateCustomerRequest.swift */ = {isa = PBXFileReference; fileEncoding = 4; lastKnownFileType = sourcecode.swift; path = CreateCustomerRequest.swift; sourceTree = "<group>"; };
		A436200320BC0C29002E102A /* CustomersClient.swift */ = {isa = PBXFileReference; fileEncoding = 4; lastKnownFileType = sourcecode.swift; path = CustomersClient.swift; sourceTree = "<group>"; };
		A45A5B9E204545A5000D7805 /* CustomStringConvertible+goSellSDK.swift */ = {isa = PBXFileReference; lastKnownFileType = sourcecode.swift; path = "CustomStringConvertible+goSellSDK.swift"; sourceTree = "<group>"; };
		A46403BD2089BCD8002F3A21 /* RSAUtils.swift */ = {isa = PBXFileReference; fileEncoding = 4; lastKnownFileType = sourcecode.swift; path = RSAUtils.swift; sourceTree = "<group>"; };
		A46403C12089BE8B002F3A21 /* Cartfile */ = {isa = PBXFileReference; lastKnownFileType = text; path = Cartfile; sourceTree = "<group>"; };
		A46CDF342042ABEE00EA38A5 /* goSellSDK.framework */ = {isa = PBXFileReference; explicitFileType = wrapper.framework; includeInIndex = 0; path = goSellSDK.framework; sourceTree = BUILT_PRODUCTS_DIR; };
		A46CDF362042BE6300EA38A5 /* TapNetworkManager_Carthage.framework */ = {isa = PBXFileReference; lastKnownFileType = wrapper.framework; name = TapNetworkManager_Carthage.framework; path = Carthage/Build/iOS/TapNetworkManager_Carthage.framework; sourceTree = "<group>"; };
		A4A3F64E20BC38830094F529 /* Card.swift */ = {isa = PBXFileReference; fileEncoding = 4; lastKnownFileType = sourcecode.swift; path = Card.swift; sourceTree = "<group>"; };
		A4A3F64F20BC38830094F529 /* RetrieveCardsResponse.swift */ = {isa = PBXFileReference; fileEncoding = 4; lastKnownFileType = sourcecode.swift; path = RetrieveCardsResponse.swift; sourceTree = "<group>"; };
		A4A3F65020BC38830094F529 /* CreateCardRequest.swift */ = {isa = PBXFileReference; fileEncoding = 4; lastKnownFileType = sourcecode.swift; path = CreateCardRequest.swift; sourceTree = "<group>"; };
		A4A3F65120BC38830094F529 /* DeleteCardResponse.swift */ = {isa = PBXFileReference; fileEncoding = 4; lastKnownFileType = sourcecode.swift; path = DeleteCardResponse.swift; sourceTree = "<group>"; };
		A4A3F65320BC38830094F529 /* CardClient.swift */ = {isa = PBXFileReference; fileEncoding = 4; lastKnownFileType = sourcecode.swift; path = CardClient.swift; sourceTree = "<group>"; };
		A4D1B087203C1A97007E7711 /* CreateTokenRequest.swift */ = {isa = PBXFileReference; fileEncoding = 4; lastKnownFileType = sourcecode.swift; path = CreateTokenRequest.swift; sourceTree = "<group>"; };
		A4D1B088203C1A97007E7711 /* Token.swift */ = {isa = PBXFileReference; fileEncoding = 4; lastKnownFileType = sourcecode.swift; path = Token.swift; sourceTree = "<group>"; };
		A4D1B08A203C1A97007E7711 /* TokenClient.swift */ = {isa = PBXFileReference; fileEncoding = 4; lastKnownFileType = sourcecode.swift; path = TokenClient.swift; sourceTree = "<group>"; };
		A4D1B08D203C1A97007E7711 /* CreateChargeRequest.swift */ = {isa = PBXFileReference; fileEncoding = 4; lastKnownFileType = sourcecode.swift; path = CreateChargeRequest.swift; sourceTree = "<group>"; };
		A4D1B08E203C1A97007E7711 /* Charge.swift */ = {isa = PBXFileReference; fileEncoding = 4; lastKnownFileType = sourcecode.swift; path = Charge.swift; sourceTree = "<group>"; };
		A4D1B08F203C1A97007E7711 /* UpdateChargeRequest.swift */ = {isa = PBXFileReference; fileEncoding = 4; lastKnownFileType = sourcecode.swift; path = UpdateChargeRequest.swift; sourceTree = "<group>"; };
		A4D1B091203C1A97007E7711 /* ChargeClient.swift */ = {isa = PBXFileReference; fileEncoding = 4; lastKnownFileType = sourcecode.swift; path = ChargeClient.swift; sourceTree = "<group>"; };
		A4D1B0AA203C1A98007E7711 /* goSellSDK.swift */ = {isa = PBXFileReference; fileEncoding = 4; lastKnownFileType = sourcecode.swift; path = goSellSDK.swift; sourceTree = "<group>"; };
		A4D1B0AC203C1A98007E7711 /* TapError.swift */ = {isa = PBXFileReference; fileEncoding = 4; lastKnownFileType = sourcecode.swift; path = TapError.swift; sourceTree = "<group>"; };
		A4D1B0AE203C1A98007E7711 /* Encodable+goSellSDK.swift */ = {isa = PBXFileReference; fileEncoding = 4; lastKnownFileType = sourcecode.swift; path = "Encodable+goSellSDK.swift"; sourceTree = "<group>"; };
		A4D1B0AF203C1A98007E7711 /* Decodable+goSellSDK.swift */ = {isa = PBXFileReference; fileEncoding = 4; lastKnownFileType = sourcecode.swift; path = "Decodable+goSellSDK.swift"; sourceTree = "<group>"; };
		A4D1B0B0203C1A98007E7711 /* Client.swift */ = {isa = PBXFileReference; fileEncoding = 4; lastKnownFileType = sourcecode.swift; path = Client.swift; sourceTree = "<group>"; };
		A4D1B0B2203C1A98007E7711 /* Identifiable.swift */ = {isa = PBXFileReference; fileEncoding = 4; lastKnownFileType = sourcecode.swift; path = Identifiable.swift; sourceTree = "<group>"; };
		A4D1B0B4203C1A98007E7711 /* Crypter.swift */ = {isa = PBXFileReference; fileEncoding = 4; lastKnownFileType = sourcecode.swift; path = Crypter.swift; sourceTree = "<group>"; };
		A4D1B0B6203C1A98007E7711 /* SecureEncodable.swift */ = {isa = PBXFileReference; fileEncoding = 4; lastKnownFileType = sourcecode.swift; path = SecureEncodable.swift; sourceTree = "<group>"; };
		A4D1B0D8203C3FB7007E7711 /* Response.swift */ = {isa = PBXFileReference; lastKnownFileType = sourcecode.swift; path = Response.swift; sourceTree = "<group>"; };
		A4F0AFDB20A593B00051A264 /* BINClient.swift */ = {isa = PBXFileReference; lastKnownFileType = sourcecode.swift; path = BINClient.swift; sourceTree = "<group>"; };
		A4F0AFDF20A594DD0051A264 /* BINResponse.swift */ = {isa = PBXFileReference; lastKnownFileType = sourcecode.swift; path = BINResponse.swift; sourceTree = "<group>"; };
/* End PBXFileReference section */

/* Begin PBXFrameworksBuildPhase section */
		A40D32122031E6DE0030FDDE /* Frameworks */ = {
			isa = PBXFrameworksBuildPhase;
			buildActionMask = 2147483647;
			files = (
				003DD09521A3011E5BFC2066 /* Pods_goSellSDK.framework in Frameworks */,
			);
			runOnlyForDeploymentPostprocessing = 0;
		};
		A46CDF2A2042ABEE00EA38A5 /* Frameworks */ = {
			isa = PBXFrameworksBuildPhase;
			buildActionMask = 2147483647;
			files = (
			);
			runOnlyForDeploymentPostprocessing = 0;
		};
/* End PBXFrameworksBuildPhase section */

/* Begin PBXGroup section */
		2900C46CE6138AD739CAC575 /* Frameworks */ = {
			isa = PBXGroup;
			children = (
				A46CDF362042BE6300EA38A5 /* TapNetworkManager_Carthage.framework */,
				7098547858414DC9D21839CA /* Pods_goSellSDK.framework */,
				8A4CD584AEB98A50A75AB94A /* Pods_goSellSDKTests.framework */,
			);
			name = Frameworks;
			sourceTree = "<group>";
		};
		A40D320C2031E6DE0030FDDE = {
			isa = PBXGroup;
			children = (
				A46403C12089BE8B002F3A21 /* Cartfile */,
				A4118B82203AD845003415C2 /* goSellSDK.podspec */,
				A40D32182031E6DE0030FDDE /* goSellSDK */,
				A40D32172031E6DE0030FDDE /* Products */,
				B54D072525BA1C5095116892 /* Pods */,
				2900C46CE6138AD739CAC575 /* Frameworks */,
			);
			sourceTree = "<group>";
		};
		A40D32172031E6DE0030FDDE /* Products */ = {
			isa = PBXGroup;
			children = (
				A40D32162031E6DE0030FDDE /* goSellSDK.framework */,
				A46CDF342042ABEE00EA38A5 /* goSellSDK.framework */,
			);
			name = Products;
			sourceTree = "<group>";
		};
		A40D32182031E6DE0030FDDE /* goSellSDK */ = {
			isa = PBXGroup;
			children = (
				A40D32192031E6DE0030FDDE /* goSellSDK.h */,
				A40D321A2031E6DE0030FDDE /* Info.plist */,
				A4D1B0A9203C1A98007E7711 /* Core */,
				A4F0AFD920A5913D0051A264 /* BIN */,
				A4A3F64C20BC38830094F529 /* Card */,
				A4D1B08B203C1A97007E7711 /* Charge */,
				A4361FF420BC0BCE002E102A /* Customers */,
				A4D1B0B3203C1A98007E7711 /* Crypter */,
				A4D1B085203C1A97007E7711 /* Token */,
			);
			path = goSellSDK;
			sourceTree = "<group>";
		};
		A4361FF420BC0BCE002E102A /* Customers */ = {
			isa = PBXGroup;
			children = (
				A4361FF520BC0BDA002E102A /* Client */,
				A4361FF620BC0BDF002E102A /* Models */,
			);
			path = Customers;
			sourceTree = "<group>";
		};
		A4361FF520BC0BDA002E102A /* Client */ = {
			isa = PBXGroup;
			children = (
				A436200320BC0C29002E102A /* CustomersClient.swift */,
			);
			path = Client;
			sourceTree = "<group>";
		};
		A4361FF620BC0BDF002E102A /* Models */ = {
			isa = PBXGroup;
			children = (
				A4361FFA20BC0C21002E102A /* CreateCustomerRequest.swift */,
				A4361FF920BC0C21002E102A /* Customer.swift */,
				A4361FF720BC0C21002E102A /* DeleteCustomerResponse.swift */,
				A4361FF820BC0C21002E102A /* UpdateCustomerRequest.swift */,
			);
			path = Models;
			sourceTree = "<group>";
		};
		A4A3F64C20BC38830094F529 /* Card */ = {
			isa = PBXGroup;
			children = (
				A4A3F65220BC38830094F529 /* Client */,
				A4A3F64D20BC38830094F529 /* Models */,
			);
			path = Card;
			sourceTree = "<group>";
		};
		A4A3F64D20BC38830094F529 /* Models */ = {
			isa = PBXGroup;
			children = (
				A4A3F64E20BC38830094F529 /* Card.swift */,
				A4A3F64F20BC38830094F529 /* RetrieveCardsResponse.swift */,
				A4A3F65020BC38830094F529 /* CreateCardRequest.swift */,
				A4A3F65120BC38830094F529 /* DeleteCardResponse.swift */,
			);
			path = Models;
			sourceTree = "<group>";
		};
		A4A3F65220BC38830094F529 /* Client */ = {
			isa = PBXGroup;
			children = (
				A4A3F65320BC38830094F529 /* CardClient.swift */,
			);
			path = Client;
			sourceTree = "<group>";
		};
		A4D1B085203C1A97007E7711 /* Token */ = {
			isa = PBXGroup;
			children = (
				A4D1B086203C1A97007E7711 /* Models */,
				A4D1B089203C1A97007E7711 /* Client */,
			);
			path = Token;
			sourceTree = "<group>";
		};
		A4D1B086203C1A97007E7711 /* Models */ = {
			isa = PBXGroup;
			children = (
				A4D1B087203C1A97007E7711 /* CreateTokenRequest.swift */,
				A4D1B088203C1A97007E7711 /* Token.swift */,
			);
			path = Models;
			sourceTree = "<group>";
		};
		A4D1B089203C1A97007E7711 /* Client */ = {
			isa = PBXGroup;
			children = (
				A4D1B08A203C1A97007E7711 /* TokenClient.swift */,
			);
			path = Client;
			sourceTree = "<group>";
		};
		A4D1B08B203C1A97007E7711 /* Charge */ = {
			isa = PBXGroup;
			children = (
				A4D1B08C203C1A97007E7711 /* Models */,
				A4D1B090203C1A97007E7711 /* Client */,
			);
			path = Charge;
			sourceTree = "<group>";
		};
		A4D1B08C203C1A97007E7711 /* Models */ = {
			isa = PBXGroup;
			children = (
				A4D1B08E203C1A97007E7711 /* Charge.swift */,
				A4D1B08D203C1A97007E7711 /* CreateChargeRequest.swift */,
				A4D1B08F203C1A97007E7711 /* UpdateChargeRequest.swift */,
			);
			path = Models;
			sourceTree = "<group>";
		};
		A4D1B090203C1A97007E7711 /* Client */ = {
			isa = PBXGroup;
			children = (
				A4D1B091203C1A97007E7711 /* ChargeClient.swift */,
			);
			path = Client;
			sourceTree = "<group>";
		};
		A4D1B0A9203C1A98007E7711 /* Core */ = {
			isa = PBXGroup;
			children = (
				A4D1B0AA203C1A98007E7711 /* goSellSDK.swift */,
				A4D1B0AB203C1A98007E7711 /* Models */,
				A4D1B0AD203C1A98007E7711 /* Extensions */,
				A4D1B0B0203C1A98007E7711 /* Client.swift */,
				A4D1B0B1203C1A98007E7711 /* Protocols */,
			);
			path = Core;
			sourceTree = "<group>";
		};
		A4D1B0AB203C1A98007E7711 /* Models */ = {
			isa = PBXGroup;
			children = (
				A4D1B0AC203C1A98007E7711 /* TapError.swift */,
				A4D1B0D8203C3FB7007E7711 /* Response.swift */,
			);
			path = Models;
			sourceTree = "<group>";
		};
		A4D1B0AD203C1A98007E7711 /* Extensions */ = {
			isa = PBXGroup;
			children = (
				A45A5B9E204545A5000D7805 /* CustomStringConvertible+goSellSDK.swift */,
				A4D1B0AF203C1A98007E7711 /* Decodable+goSellSDK.swift */,
				A4D1B0AE203C1A98007E7711 /* Encodable+goSellSDK.swift */,
			);
			path = Extensions;
			sourceTree = "<group>";
		};
		A4D1B0B1203C1A98007E7711 /* Protocols */ = {
			isa = PBXGroup;
			children = (
				A4D1B0B2203C1A98007E7711 /* Identifiable.swift */,
			);
			path = Protocols;
			sourceTree = "<group>";
		};
		A4D1B0B3203C1A98007E7711 /* Crypter */ = {
			isa = PBXGroup;
			children = (
				A4D1B0B4203C1A98007E7711 /* Crypter.swift */,
				A46403BD2089BCD8002F3A21 /* RSAUtils.swift */,
				A4D1B0B6203C1A98007E7711 /* SecureEncodable.swift */,
			);
			path = Crypter;
			sourceTree = "<group>";
		};
		A4F0AFD920A5913D0051A264 /* BIN */ = {
			isa = PBXGroup;
			children = (
				A4F0AFDA20A592740051A264 /* Client */,
				A4F0AFDE20A594A80051A264 /* Models */,
			);
			path = BIN;
			sourceTree = "<group>";
		};
		A4F0AFDA20A592740051A264 /* Client */ = {
			isa = PBXGroup;
			children = (
				A4F0AFDB20A593B00051A264 /* BINClient.swift */,
			);
			path = Client;
			sourceTree = "<group>";
		};
		A4F0AFDE20A594A80051A264 /* Models */ = {
			isa = PBXGroup;
			children = (
				A4F0AFDF20A594DD0051A264 /* BINResponse.swift */,
			);
			path = Models;
			sourceTree = "<group>";
		};
		B54D072525BA1C5095116892 /* Pods */ = {
			isa = PBXGroup;
			children = (
				47549B974FA706C53039E1B0 /* Pods-goSellSDK.debug.xcconfig */,
				4E5EECF3913773CD760D6C6B /* Pods-goSellSDK.release.xcconfig */,
			);
			name = Pods;
			sourceTree = "<group>";
		};
/* End PBXGroup section */

/* Begin PBXHeadersBuildPhase section */
		A40D32132031E6DE0030FDDE /* Headers */ = {
			isa = PBXHeadersBuildPhase;
			buildActionMask = 2147483647;
			files = (
				A40D32272031E6DE0030FDDE /* goSellSDK.h in Headers */,
			);
			runOnlyForDeploymentPostprocessing = 0;
		};
		A46CDF2D2042ABEE00EA38A5 /* Headers */ = {
			isa = PBXHeadersBuildPhase;
			buildActionMask = 2147483647;
			files = (
				A46CDF2E2042ABEE00EA38A5 /* goSellSDK.h in Headers */,
			);
			runOnlyForDeploymentPostprocessing = 0;
		};
/* End PBXHeadersBuildPhase section */

/* Begin PBXNativeTarget section */
		A40D32152031E6DE0030FDDE /* goSellSDK */ = {
			isa = PBXNativeTarget;
			buildConfigurationList = A40D322A2031E6DE0030FDDE /* Build configuration list for PBXNativeTarget "goSellSDK" */;
			buildPhases = (
				CB6449A7DFF3F62332F58381 /* [CP] Check Pods Manifest.lock */,
				A40D32112031E6DE0030FDDE /* Sources */,
				A40D32122031E6DE0030FDDE /* Frameworks */,
				A40D32132031E6DE0030FDDE /* Headers */,
				A40D32142031E6DE0030FDDE /* Resources */,
			);
			buildRules = (
			);
			dependencies = (
			);
			name = goSellSDK;
			productName = goSellSDK;
			productReference = A40D32162031E6DE0030FDDE /* goSellSDK.framework */;
			productType = "com.apple.product-type.framework";
		};
		A46CDF172042ABEE00EA38A5 /* goSellSDK_Carthage */ = {
			isa = PBXNativeTarget;
			buildConfigurationList = A46CDF312042ABEE00EA38A5 /* Build configuration list for PBXNativeTarget "goSellSDK_Carthage" */;
			buildPhases = (
				A46CDF192042ABEE00EA38A5 /* Sources */,
				A46CDF2A2042ABEE00EA38A5 /* Frameworks */,
				A46CDF2D2042ABEE00EA38A5 /* Headers */,
				A46CDF2F2042ABEE00EA38A5 /* Resources */,
			);
			buildRules = (
			);
			dependencies = (
			);
			name = goSellSDK_Carthage;
			productName = goSellSDK;
			productReference = A46CDF342042ABEE00EA38A5 /* goSellSDK.framework */;
			productType = "com.apple.product-type.framework";
		};
/* End PBXNativeTarget section */

/* Begin PBXProject section */
		A40D320D2031E6DE0030FDDE /* Project object */ = {
			isa = PBXProject;
			attributes = {
				LastSwiftUpdateCheck = 0930;
				LastUpgradeCheck = 0930;
				ORGANIZATIONNAME = "Tap Payments";
				TargetAttributes = {
					A40D32152031E6DE0030FDDE = {
						CreatedOnToolsVersion = 9.2;
						LastSwiftMigration = 0920;
						ProvisioningStyle = Automatic;
					};
					A46CDF172042ABEE00EA38A5 = {
						ProvisioningStyle = Automatic;
					};
				};
			};
			buildConfigurationList = A40D32102031E6DE0030FDDE /* Build configuration list for PBXProject "goSellSDK" */;
			compatibilityVersion = "Xcode 8.0";
			developmentRegion = en;
			hasScannedForEncodings = 0;
			knownRegions = (
				en,
			);
			mainGroup = A40D320C2031E6DE0030FDDE;
			productRefGroup = A40D32172031E6DE0030FDDE /* Products */;
			projectDirPath = "";
			projectRoot = "";
			targets = (
				A40D32152031E6DE0030FDDE /* goSellSDK */,
				A46CDF172042ABEE00EA38A5 /* goSellSDK_Carthage */,
			);
		};
/* End PBXProject section */

/* Begin PBXResourcesBuildPhase section */
		A40D32142031E6DE0030FDDE /* Resources */ = {
			isa = PBXResourcesBuildPhase;
			buildActionMask = 2147483647;
			files = (
			);
			runOnlyForDeploymentPostprocessing = 0;
		};
		A46CDF2F2042ABEE00EA38A5 /* Resources */ = {
			isa = PBXResourcesBuildPhase;
			buildActionMask = 2147483647;
			files = (
			);
			runOnlyForDeploymentPostprocessing = 0;
		};
/* End PBXResourcesBuildPhase section */

/* Begin PBXShellScriptBuildPhase section */
		CB6449A7DFF3F62332F58381 /* [CP] Check Pods Manifest.lock */ = {
			isa = PBXShellScriptBuildPhase;
			buildActionMask = 2147483647;
			files = (
			);
			inputPaths = (
				"${PODS_PODFILE_DIR_PATH}/Podfile.lock",
				"${PODS_ROOT}/Manifest.lock",
			);
			name = "[CP] Check Pods Manifest.lock";
			outputPaths = (
				"$(DERIVED_FILE_DIR)/Pods-goSellSDK-checkManifestLockResult.txt",
			);
			runOnlyForDeploymentPostprocessing = 0;
			shellPath = /bin/sh;
			shellScript = "diff \"${PODS_PODFILE_DIR_PATH}/Podfile.lock\" \"${PODS_ROOT}/Manifest.lock\" > /dev/null\nif [ $? != 0 ] ; then\n    # print error to STDERR\n    echo \"error: The sandbox is not in sync with the Podfile.lock. Run 'pod install' or update your CocoaPods installation.\" >&2\n    exit 1\nfi\n# This output is used by Xcode 'outputs' to avoid re-running this script phase.\necho \"SUCCESS\" > \"${SCRIPT_OUTPUT_FILE_0}\"\n";
			showEnvVarsInLog = 0;
		};
/* End PBXShellScriptBuildPhase section */

/* Begin PBXSourcesBuildPhase section */
		A40D32112031E6DE0030FDDE /* Sources */ = {
			isa = PBXSourcesBuildPhase;
			buildActionMask = 2147483647;
			files = (
				A4361FFD20BC0C21002E102A /* UpdateCustomerRequest.swift in Sources */,
				A4D1B0B7203C1A98007E7711 /* CreateTokenRequest.swift in Sources */,
				A45A5B9F204545A5000D7805 /* CustomStringConvertible+goSellSDK.swift in Sources */,
				A4361FFF20BC0C21002E102A /* Customer.swift in Sources */,
				A4A3F65620BC38840094F529 /* RetrieveCardsResponse.swift in Sources */,
				A4D1B0B8203C1A98007E7711 /* Token.swift in Sources */,
				A4A3F65C20BC38840094F529 /* CardClient.swift in Sources */,
				A4D1B0BC203C1A98007E7711 /* UpdateChargeRequest.swift in Sources */,
				A46403BE2089BCD8002F3A21 /* RSAUtils.swift in Sources */,
				A4D1B0D9203C3FB7007E7711 /* Response.swift in Sources */,
				A4D1B0D0203C1A98007E7711 /* Client.swift in Sources */,
				A4A3F65420BC38840094F529 /* Card.swift in Sources */,
				A4D1B0BB203C1A98007E7711 /* Charge.swift in Sources */,
				A436200120BC0C21002E102A /* CreateCustomerRequest.swift in Sources */,
				A4F0AFE020A594DD0051A264 /* BINResponse.swift in Sources */,
				A4D1B0BD203C1A98007E7711 /* ChargeClient.swift in Sources */,
				A4A3F65820BC38840094F529 /* CreateCardRequest.swift in Sources */,
				A4D1B0D4203C1A98007E7711 /* SecureEncodable.swift in Sources */,
				A4D1B0CE203C1A98007E7711 /* Encodable+goSellSDK.swift in Sources */,
				A4A3F65A20BC38840094F529 /* DeleteCardResponse.swift in Sources */,
				A4F0AFDC20A593B00051A264 /* BINClient.swift in Sources */,
				A4D1B0CC203C1A98007E7711 /* goSellSDK.swift in Sources */,
				A436200420BC0C29002E102A /* CustomersClient.swift in Sources */,
				A4D1B0B9203C1A98007E7711 /* TokenClient.swift in Sources */,
				A4D1B0BA203C1A98007E7711 /* CreateChargeRequest.swift in Sources */,
				A4D1B0D2203C1A98007E7711 /* Crypter.swift in Sources */,
				A4D1B0CD203C1A98007E7711 /* TapError.swift in Sources */,
				A4D1B0D1203C1A98007E7711 /* Identifiable.swift in Sources */,
				A4D1B0CF203C1A98007E7711 /* Decodable+goSellSDK.swift in Sources */,
				A4361FFB20BC0C21002E102A /* DeleteCustomerResponse.swift in Sources */,
			);
			runOnlyForDeploymentPostprocessing = 0;
		};
		A46CDF192042ABEE00EA38A5 /* Sources */ = {
			isa = PBXSourcesBuildPhase;
			buildActionMask = 2147483647;
			files = (
				A4361FFE20BC0C21002E102A /* UpdateCustomerRequest.swift in Sources */,
				A46403C02089BE50002F3A21 /* RSAUtils.swift in Sources */,
				A46CDF1A2042ABEE00EA38A5 /* CreateTokenRequest.swift in Sources */,
				A436200020BC0C21002E102A /* Customer.swift in Sources */,
				A4A3F65720BC38840094F529 /* RetrieveCardsResponse.swift in Sources */,
				A46CDF1B2042ABEE00EA38A5 /* Token.swift in Sources */,
				A4A3F65D20BC38840094F529 /* CardClient.swift in Sources */,
				A46CDF1C2042ABEE00EA38A5 /* UpdateChargeRequest.swift in Sources */,
				A46CDF1D2042ABEE00EA38A5 /* Response.swift in Sources */,
				A46CDF1E2042ABEE00EA38A5 /* Client.swift in Sources */,
				A46CDF1F2042ABEE00EA38A5 /* Charge.swift in Sources */,
				A4A3F65520BC38840094F529 /* Card.swift in Sources */,
				A46CDF202042ABEE00EA38A5 /* ChargeClient.swift in Sources */,
				A436200220BC0C21002E102A /* CreateCustomerRequest.swift in Sources */,
				A4F0AFE120A594DD0051A264 /* BINResponse.swift in Sources */,
				A46403BF2089BE41002F3A21 /* CustomStringConvertible+goSellSDK.swift in Sources */,
				A4A3F65920BC38840094F529 /* CreateCardRequest.swift in Sources */,
				A46CDF212042ABEE00EA38A5 /* SecureEncodable.swift in Sources */,
				A46CDF222042ABEE00EA38A5 /* Encodable+goSellSDK.swift in Sources */,
				A4A3F65B20BC38840094F529 /* DeleteCardResponse.swift in Sources */,
				A4F0AFDD20A593B00051A264 /* BINClient.swift in Sources */,
				A46CDF232042ABEE00EA38A5 /* goSellSDK.swift in Sources */,
				A436200520BC0C29002E102A /* CustomersClient.swift in Sources */,
				A46CDF242042ABEE00EA38A5 /* TokenClient.swift in Sources */,
				A46CDF252042ABEE00EA38A5 /* CreateChargeRequest.swift in Sources */,
				A46CDF262042ABEE00EA38A5 /* Crypter.swift in Sources */,
				A46CDF272042ABEE00EA38A5 /* TapError.swift in Sources */,
				A46CDF282042ABEE00EA38A5 /* Identifiable.swift in Sources */,
				A46CDF292042ABEE00EA38A5 /* Decodable+goSellSDK.swift in Sources */,
				A4361FFC20BC0C21002E102A /* DeleteCustomerResponse.swift in Sources */,
			);
			runOnlyForDeploymentPostprocessing = 0;
		};
/* End PBXSourcesBuildPhase section */

/* Begin XCBuildConfiguration section */
		A40D32282031E6DE0030FDDE /* Debug */ = {
			isa = XCBuildConfiguration;
			buildSettings = {
				ALWAYS_SEARCH_USER_PATHS = NO;
				CLANG_ANALYZER_NONNULL = YES;
				CLANG_ANALYZER_NUMBER_OBJECT_CONVERSION = YES_AGGRESSIVE;
				CLANG_CXX_LANGUAGE_STANDARD = "gnu++14";
				CLANG_CXX_LIBRARY = "libc++";
				CLANG_ENABLE_MODULES = YES;
				CLANG_ENABLE_OBJC_ARC = YES;
				CLANG_WARN_BLOCK_CAPTURE_AUTORELEASING = YES;
				CLANG_WARN_BOOL_CONVERSION = YES;
				CLANG_WARN_COMMA = YES;
				CLANG_WARN_CONSTANT_CONVERSION = YES;
				CLANG_WARN_DEPRECATED_OBJC_IMPLEMENTATIONS = YES;
				CLANG_WARN_DIRECT_OBJC_ISA_USAGE = YES_ERROR;
				CLANG_WARN_DOCUMENTATION_COMMENTS = YES;
				CLANG_WARN_EMPTY_BODY = YES;
				CLANG_WARN_ENUM_CONVERSION = YES;
				CLANG_WARN_INFINITE_RECURSION = YES;
				CLANG_WARN_INT_CONVERSION = YES;
				CLANG_WARN_NON_LITERAL_NULL_CONVERSION = YES;
				CLANG_WARN_OBJC_IMPLICIT_RETAIN_SELF = YES;
				CLANG_WARN_OBJC_LITERAL_CONVERSION = YES;
				CLANG_WARN_OBJC_ROOT_CLASS = YES_ERROR;
				CLANG_WARN_RANGE_LOOP_ANALYSIS = YES;
				CLANG_WARN_STRICT_PROTOTYPES = YES;
				CLANG_WARN_SUSPICIOUS_MOVE = YES;
				CLANG_WARN_UNGUARDED_AVAILABILITY = YES_AGGRESSIVE;
				CLANG_WARN_UNREACHABLE_CODE = YES;
				CLANG_WARN__DUPLICATE_METHOD_MATCH = YES;
				CODE_SIGN_IDENTITY = "iPhone Developer";
				COPY_PHASE_STRIP = NO;
				CURRENT_PROJECT_VERSION = 1;
				DEBUG_INFORMATION_FORMAT = dwarf;
				ENABLE_STRICT_OBJC_MSGSEND = YES;
				ENABLE_TESTABILITY = YES;
				GCC_C_LANGUAGE_STANDARD = gnu11;
				GCC_DYNAMIC_NO_PIC = NO;
				GCC_NO_COMMON_BLOCKS = YES;
				GCC_OPTIMIZATION_LEVEL = 0;
				GCC_PREPROCESSOR_DEFINITIONS = (
					"DEBUG=1",
					"$(inherited)",
				);
				GCC_WARN_64_TO_32_BIT_CONVERSION = YES;
				GCC_WARN_ABOUT_RETURN_TYPE = YES_ERROR;
				GCC_WARN_UNDECLARED_SELECTOR = YES;
				GCC_WARN_UNINITIALIZED_AUTOS = YES_AGGRESSIVE;
				GCC_WARN_UNUSED_FUNCTION = YES;
				GCC_WARN_UNUSED_VARIABLE = YES;
				IPHONEOS_DEPLOYMENT_TARGET = 8.0;
				MTL_ENABLE_DEBUG_INFO = YES;
				ONLY_ACTIVE_ARCH = YES;
				SDKROOT = iphoneos;
				SWIFT_ACTIVE_COMPILATION_CONDITIONS = DEBUG;
				SWIFT_OPTIMIZATION_LEVEL = "-Onone";
				VERSIONING_SYSTEM = "apple-generic";
				VERSION_INFO_PREFIX = "";
			};
			name = Debug;
		};
		A40D32292031E6DE0030FDDE /* Release */ = {
			isa = XCBuildConfiguration;
			buildSettings = {
				ALWAYS_SEARCH_USER_PATHS = NO;
				CLANG_ANALYZER_NONNULL = YES;
				CLANG_ANALYZER_NUMBER_OBJECT_CONVERSION = YES_AGGRESSIVE;
				CLANG_CXX_LANGUAGE_STANDARD = "gnu++14";
				CLANG_CXX_LIBRARY = "libc++";
				CLANG_ENABLE_MODULES = YES;
				CLANG_ENABLE_OBJC_ARC = YES;
				CLANG_WARN_BLOCK_CAPTURE_AUTORELEASING = YES;
				CLANG_WARN_BOOL_CONVERSION = YES;
				CLANG_WARN_COMMA = YES;
				CLANG_WARN_CONSTANT_CONVERSION = YES;
				CLANG_WARN_DEPRECATED_OBJC_IMPLEMENTATIONS = YES;
				CLANG_WARN_DIRECT_OBJC_ISA_USAGE = YES_ERROR;
				CLANG_WARN_DOCUMENTATION_COMMENTS = YES;
				CLANG_WARN_EMPTY_BODY = YES;
				CLANG_WARN_ENUM_CONVERSION = YES;
				CLANG_WARN_INFINITE_RECURSION = YES;
				CLANG_WARN_INT_CONVERSION = YES;
				CLANG_WARN_NON_LITERAL_NULL_CONVERSION = YES;
				CLANG_WARN_OBJC_IMPLICIT_RETAIN_SELF = YES;
				CLANG_WARN_OBJC_LITERAL_CONVERSION = YES;
				CLANG_WARN_OBJC_ROOT_CLASS = YES_ERROR;
				CLANG_WARN_RANGE_LOOP_ANALYSIS = YES;
				CLANG_WARN_STRICT_PROTOTYPES = YES;
				CLANG_WARN_SUSPICIOUS_MOVE = YES;
				CLANG_WARN_UNGUARDED_AVAILABILITY = YES_AGGRESSIVE;
				CLANG_WARN_UNREACHABLE_CODE = YES;
				CLANG_WARN__DUPLICATE_METHOD_MATCH = YES;
				CODE_SIGN_IDENTITY = "iPhone Developer";
				COPY_PHASE_STRIP = NO;
				CURRENT_PROJECT_VERSION = 1;
				DEBUG_INFORMATION_FORMAT = "dwarf-with-dsym";
				ENABLE_NS_ASSERTIONS = NO;
				ENABLE_STRICT_OBJC_MSGSEND = YES;
				GCC_C_LANGUAGE_STANDARD = gnu11;
				GCC_NO_COMMON_BLOCKS = YES;
				GCC_WARN_64_TO_32_BIT_CONVERSION = YES;
				GCC_WARN_ABOUT_RETURN_TYPE = YES_ERROR;
				GCC_WARN_UNDECLARED_SELECTOR = YES;
				GCC_WARN_UNINITIALIZED_AUTOS = YES_AGGRESSIVE;
				GCC_WARN_UNUSED_FUNCTION = YES;
				GCC_WARN_UNUSED_VARIABLE = YES;
				IPHONEOS_DEPLOYMENT_TARGET = 8.0;
				MTL_ENABLE_DEBUG_INFO = NO;
				SDKROOT = iphoneos;
				SWIFT_OPTIMIZATION_LEVEL = "-Owholemodule";
				VALIDATE_PRODUCT = YES;
				VERSIONING_SYSTEM = "apple-generic";
				VERSION_INFO_PREFIX = "";
			};
			name = Release;
		};
		A40D322B2031E6DE0030FDDE /* Debug */ = {
			isa = XCBuildConfiguration;
			baseConfigurationReference = 47549B974FA706C53039E1B0 /* Pods-goSellSDK.debug.xcconfig */;
			buildSettings = {
				CLANG_ENABLE_MODULES = YES;
				CODE_SIGN_IDENTITY = "";
				CODE_SIGN_STYLE = Automatic;
				DEFINES_MODULE = YES;
				DYLIB_COMPATIBILITY_VERSION = 1;
				DYLIB_CURRENT_VERSION = 1;
				DYLIB_INSTALL_NAME_BASE = "@rpath";
				FRAMEWORK_SEARCH_PATHS = (
					"$(inherited)",
					"$(PROJECT_DIR)/goSellSDK/Crypter",
				);
				INFOPLIST_FILE = goSellSDK/Info.plist;
				INSTALL_PATH = "$(LOCAL_LIBRARY_DIR)/Frameworks";
				IPHONEOS_DEPLOYMENT_TARGET = 8.0;
				LD_RUNPATH_SEARCH_PATHS = "$(inherited) @executable_path/Frameworks @loader_path/Frameworks";
				PRODUCT_BUNDLE_IDENTIFIER = company.tap.goSellSDK;
				PRODUCT_NAME = "$(TARGET_NAME:c99extidentifier)";
				SKIP_INSTALL = YES;
				SWIFT_OPTIMIZATION_LEVEL = "-Onone";
				SWIFT_VERSION = 4.0;
				TARGETED_DEVICE_FAMILY = "1,2";
			};
			name = Debug;
		};
		A40D322C2031E6DE0030FDDE /* Release */ = {
			isa = XCBuildConfiguration;
			baseConfigurationReference = 4E5EECF3913773CD760D6C6B /* Pods-goSellSDK.release.xcconfig */;
			buildSettings = {
				CLANG_ENABLE_MODULES = YES;
				CODE_SIGN_IDENTITY = "";
				CODE_SIGN_STYLE = Automatic;
				DEFINES_MODULE = YES;
				DYLIB_COMPATIBILITY_VERSION = 1;
				DYLIB_CURRENT_VERSION = 1;
				DYLIB_INSTALL_NAME_BASE = "@rpath";
				FRAMEWORK_SEARCH_PATHS = (
					"$(inherited)",
					"$(PROJECT_DIR)/goSellSDK/Crypter",
				);
				INFOPLIST_FILE = goSellSDK/Info.plist;
				INSTALL_PATH = "$(LOCAL_LIBRARY_DIR)/Frameworks";
				IPHONEOS_DEPLOYMENT_TARGET = 8.0;
				LD_RUNPATH_SEARCH_PATHS = "$(inherited) @executable_path/Frameworks @loader_path/Frameworks";
				PRODUCT_BUNDLE_IDENTIFIER = company.tap.goSellSDK;
				PRODUCT_NAME = "$(TARGET_NAME:c99extidentifier)";
				SKIP_INSTALL = YES;
				SWIFT_VERSION = 4.0;
				TARGETED_DEVICE_FAMILY = "1,2";
			};
			name = Release;
		};
		A46CDF322042ABEE00EA38A5 /* Debug */ = {
			isa = XCBuildConfiguration;
			buildSettings = {
				CLANG_ENABLE_MODULES = YES;
				CODE_SIGN_IDENTITY = "";
				CODE_SIGN_STYLE = Automatic;
				DEFINES_MODULE = YES;
				DYLIB_COMPATIBILITY_VERSION = 1;
				DYLIB_CURRENT_VERSION = 1;
				DYLIB_INSTALL_NAME_BASE = "@rpath";
				FRAMEWORK_SEARCH_PATHS = (
					"$(inherited)",
					"$(PROJECT_DIR)/goSellSDK/Crypter",
					"$(PROJECT_DIR)/Carthage/Build/iOS",
				);
				INFOPLIST_FILE = "$(SRCROOT)/goSellSDK/Info.plist";
				INSTALL_PATH = "$(LOCAL_LIBRARY_DIR)/Frameworks";
				IPHONEOS_DEPLOYMENT_TARGET = 8.0;
				LD_RUNPATH_SEARCH_PATHS = "$(inherited) @executable_path/Frameworks @loader_path/Frameworks";
				PRODUCT_BUNDLE_IDENTIFIER = company.tap.goSellSDK;
				PRODUCT_NAME = goSellSDK;
				SKIP_INSTALL = YES;
				SWIFT_OPTIMIZATION_LEVEL = "-Onone";
				SWIFT_VERSION = 4.0;
				TARGETED_DEVICE_FAMILY = "1,2";
			};
			name = Debug;
		};
		A46CDF332042ABEE00EA38A5 /* Release */ = {
			isa = XCBuildConfiguration;
			buildSettings = {
				CLANG_ENABLE_MODULES = YES;
				CODE_SIGN_IDENTITY = "";
				CODE_SIGN_STYLE = Automatic;
				DEFINES_MODULE = YES;
				DYLIB_COMPATIBILITY_VERSION = 1;
				DYLIB_CURRENT_VERSION = 1;
				DYLIB_INSTALL_NAME_BASE = "@rpath";
				FRAMEWORK_SEARCH_PATHS = (
					"$(inherited)",
					"$(PROJECT_DIR)/goSellSDK/Crypter",
					"$(PROJECT_DIR)/Carthage/Build/iOS",
				);
				INFOPLIST_FILE = "$(SRCROOT)/goSellSDK/Info.plist";
				INSTALL_PATH = "$(LOCAL_LIBRARY_DIR)/Frameworks";
				IPHONEOS_DEPLOYMENT_TARGET = 8.0;
				LD_RUNPATH_SEARCH_PATHS = "$(inherited) @executable_path/Frameworks @loader_path/Frameworks";
				PRODUCT_BUNDLE_IDENTIFIER = company.tap.goSellSDK;
				PRODUCT_NAME = goSellSDK;
				SKIP_INSTALL = YES;
				SWIFT_VERSION = 4.0;
				TARGETED_DEVICE_FAMILY = "1,2";
			};
			name = Release;
		};
/* End XCBuildConfiguration section */

/* Begin XCConfigurationList section */
		A40D32102031E6DE0030FDDE /* Build configuration list for PBXProject "goSellSDK" */ = {
			isa = XCConfigurationList;
			buildConfigurations = (
				A40D32282031E6DE0030FDDE /* Debug */,
				A40D32292031E6DE0030FDDE /* Release */,
			);
			defaultConfigurationIsVisible = 0;
			defaultConfigurationName = Release;
		};
		A40D322A2031E6DE0030FDDE /* Build configuration list for PBXNativeTarget "goSellSDK" */ = {
			isa = XCConfigurationList;
			buildConfigurations = (
				A40D322B2031E6DE0030FDDE /* Debug */,
				A40D322C2031E6DE0030FDDE /* Release */,
			);
			defaultConfigurationIsVisible = 0;
			defaultConfigurationName = Release;
		};
		A46CDF312042ABEE00EA38A5 /* Build configuration list for PBXNativeTarget "goSellSDK_Carthage" */ = {
			isa = XCConfigurationList;
			buildConfigurations = (
				A46CDF322042ABEE00EA38A5 /* Debug */,
				A46CDF332042ABEE00EA38A5 /* Release */,
			);
			defaultConfigurationIsVisible = 0;
			defaultConfigurationName = Release;
		};
/* End XCConfigurationList section */
	};
	rootObject = A40D320D2031E6DE0030FDDE /* Project object */;
}
